Microsoft Visual Studio Solution File, Format Version 12.00
# Visual Studio 15
VisualStudioVersion = 15.0.27130.2010
MinimumVisualStudioVersion = 15.0.26124.0
Project("{9A19103F-16F7-4668-BE54-9A1E7A4F7556}") = "GettingStarted", "GettingStarted\GettingStarted.csproj", "{D0D16984-9977-4379-BA97-CB16B6414BC7}"
EndProject
Project("{9A19103F-16F7-4668-BE54-9A1E7A4F7556}") = "ComputeParticles", "ComputeParticles\ComputeParticles.csproj", "{C9F47E9F-D9D3-4E91-B4AC-9146B53E13AA}"
EndProject
Project("{9A19103F-16F7-4668-BE54-9A1E7A4F7556}") = "ComputeTexture", "ComputeTexture\ComputeTexture.csproj", "{D68CC3C4-B170-4BE4-A588-DCB5C2118C2B}"
EndProject
Project("{9A19103F-16F7-4668-BE54-9A1E7A4F7556}") = "TexturedCube", "TexturedCube\TexturedCube.csproj", "{2EBAE702-D39F-405C-991E-31D60EC72497}"
EndProject
Project("{9A19103F-16F7-4668-BE54-9A1E7A4F7556}") = "ImageTint", "ImageTint\ImageTint.csproj", "{42C2FD68-C0A5-44CF-BA48-8DE071838D5A}"
EndProject
Project("{9A19103F-16F7-4668-BE54-9A1E7A4F7556}") = "SampleBase", "SampleBase\SampleBase.csproj", "{7AF8692A-B52B-438C-A980-3B6BBCF15DA8}"
EndProject
Project("{9A19103F-16F7-4668-BE54-9A1E7A4F7556}") = "Offscreen", "Offscreen\Offscreen.csproj", "{755D64E6-4350-45DD-AB83-3C8B9C5F3243}"
EndProject
Project("{9A19103F-16F7-4668-BE54-9A1E7A4F7556}") = "AnimatedMesh", "AnimatedMesh\AnimatedMesh.csproj", "{48F23362-815E-4DCD-A243-0F129ABE9832}"
EndProject
Global
	GlobalSection(SolutionConfigurationPlatforms) = preSolution
		Debug|Any CPU = Debug|Any CPU
		Debug|x64 = Debug|x64
		Debug|x86 = Debug|x86
		Release|Any CPU = Release|Any CPU
		Release|x64 = Release|x64
		Release|x86 = Release|x86
	EndGlobalSection
	GlobalSection(ProjectConfigurationPlatforms) = postSolution
		{D0D16984-9977-4379-BA97-CB16B6414BC7}.Debug|Any CPU.ActiveCfg = Debug|Any CPU
		{D0D16984-9977-4379-BA97-CB16B6414BC7}.Debug|Any CPU.Build.0 = Debug|Any CPU
		{D0D16984-9977-4379-BA97-CB16B6414BC7}.Debug|x64.ActiveCfg = Debug|Any CPU
		{D0D16984-9977-4379-BA97-CB16B6414BC7}.Debug|x64.Build.0 = Debug|Any CPU
		{D0D16984-9977-4379-BA97-CB16B6414BC7}.Debug|x86.ActiveCfg = Debug|Any CPU
		{D0D16984-9977-4379-BA97-CB16B6414BC7}.Debug|x86.Build.0 = Debug|Any CPU
		{D0D16984-9977-4379-BA97-CB16B6414BC7}.Release|Any CPU.ActiveCfg = Release|Any CPU
		{D0D16984-9977-4379-BA97-CB16B6414BC7}.Release|Any CPU.Build.0 = Release|Any CPU
		{D0D16984-9977-4379-BA97-CB16B6414BC7}.Release|x64.ActiveCfg = Release|Any CPU
		{D0D16984-9977-4379-BA97-CB16B6414BC7}.Release|x64.Build.0 = Release|Any CPU
		{D0D16984-9977-4379-BA97-CB16B6414BC7}.Release|x86.ActiveCfg = Release|Any CPU
		{D0D16984-9977-4379-BA97-CB16B6414BC7}.Release|x86.Build.0 = Release|Any CPU
		{C9F47E9F-D9D3-4E91-B4AC-9146B53E13AA}.Debug|Any CPU.ActiveCfg = Debug|Any CPU
		{C9F47E9F-D9D3-4E91-B4AC-9146B53E13AA}.Debug|Any CPU.Build.0 = Debug|Any CPU
		{C9F47E9F-D9D3-4E91-B4AC-9146B53E13AA}.Debug|x64.ActiveCfg = Debug|Any CPU
		{C9F47E9F-D9D3-4E91-B4AC-9146B53E13AA}.Debug|x64.Build.0 = Debug|Any CPU
		{C9F47E9F-D9D3-4E91-B4AC-9146B53E13AA}.Debug|x86.ActiveCfg = Debug|Any CPU
		{C9F47E9F-D9D3-4E91-B4AC-9146B53E13AA}.Debug|x86.Build.0 = Debug|Any CPU
		{C9F47E9F-D9D3-4E91-B4AC-9146B53E13AA}.Release|Any CPU.ActiveCfg = Release|Any CPU
		{C9F47E9F-D9D3-4E91-B4AC-9146B53E13AA}.Release|Any CPU.Build.0 = Release|Any CPU
		{C9F47E9F-D9D3-4E91-B4AC-9146B53E13AA}.Release|x64.ActiveCfg = Release|Any CPU
		{C9F47E9F-D9D3-4E91-B4AC-9146B53E13AA}.Release|x64.Build.0 = Release|Any CPU
		{C9F47E9F-D9D3-4E91-B4AC-9146B53E13AA}.Release|x86.ActiveCfg = Release|Any CPU
		{C9F47E9F-D9D3-4E91-B4AC-9146B53E13AA}.Release|x86.Build.0 = Release|Any CPU
		{D68CC3C4-B170-4BE4-A588-DCB5C2118C2B}.Debug|Any CPU.ActiveCfg = Debug|Any CPU
		{D68CC3C4-B170-4BE4-A588-DCB5C2118C2B}.Debug|Any CPU.Build.0 = Debug|Any CPU
		{D68CC3C4-B170-4BE4-A588-DCB5C2118C2B}.Debug|x64.ActiveCfg = Debug|Any CPU
		{D68CC3C4-B170-4BE4-A588-DCB5C2118C2B}.Debug|x64.Build.0 = Debug|Any CPU
		{D68CC3C4-B170-4BE4-A588-DCB5C2118C2B}.Debug|x86.ActiveCfg = Debug|Any CPU
		{D68CC3C4-B170-4BE4-A588-DCB5C2118C2B}.Debug|x86.Build.0 = Debug|Any CPU
		{D68CC3C4-B170-4BE4-A588-DCB5C2118C2B}.Release|Any CPU.ActiveCfg = Release|Any CPU
		{D68CC3C4-B170-4BE4-A588-DCB5C2118C2B}.Release|Any CPU.Build.0 = Release|Any CPU
		{D68CC3C4-B170-4BE4-A588-DCB5C2118C2B}.Release|x64.ActiveCfg = Release|Any CPU
		{D68CC3C4-B170-4BE4-A588-DCB5C2118C2B}.Release|x64.Build.0 = Release|Any CPU
		{D68CC3C4-B170-4BE4-A588-DCB5C2118C2B}.Release|x86.ActiveCfg = Release|Any CPU
		{D68CC3C4-B170-4BE4-A588-DCB5C2118C2B}.Release|x86.Build.0 = Release|Any CPU
		{2EBAE702-D39F-405C-991E-31D60EC72497}.Debug|Any CPU.ActiveCfg = Debug|Any CPU
		{2EBAE702-D39F-405C-991E-31D60EC72497}.Debug|Any CPU.Build.0 = Debug|Any CPU
		{2EBAE702-D39F-405C-991E-31D60EC72497}.Debug|x64.ActiveCfg = Debug|Any CPU
		{2EBAE702-D39F-405C-991E-31D60EC72497}.Debug|x64.Build.0 = Debug|Any CPU
		{2EBAE702-D39F-405C-991E-31D60EC72497}.Debug|x86.ActiveCfg = Debug|Any CPU
		{2EBAE702-D39F-405C-991E-31D60EC72497}.Debug|x86.Build.0 = Debug|Any CPU
		{2EBAE702-D39F-405C-991E-31D60EC72497}.Release|Any CPU.ActiveCfg = Release|Any CPU
		{2EBAE702-D39F-405C-991E-31D60EC72497}.Release|Any CPU.Build.0 = Release|Any CPU
		{2EBAE702-D39F-405C-991E-31D60EC72497}.Release|x64.ActiveCfg = Release|Any CPU
		{2EBAE702-D39F-405C-991E-31D60EC72497}.Release|x64.Build.0 = Release|Any CPU
		{2EBAE702-D39F-405C-991E-31D60EC72497}.Release|x86.ActiveCfg = Release|Any CPU
		{2EBAE702-D39F-405C-991E-31D60EC72497}.Release|x86.Build.0 = Release|Any CPU
		{42C2FD68-C0A5-44CF-BA48-8DE071838D5A}.Debug|Any CPU.ActiveCfg = Debug|Any CPU
		{42C2FD68-C0A5-44CF-BA48-8DE071838D5A}.Debug|Any CPU.Build.0 = Debug|Any CPU
		{42C2FD68-C0A5-44CF-BA48-8DE071838D5A}.Debug|x64.ActiveCfg = Debug|Any CPU
		{42C2FD68-C0A5-44CF-BA48-8DE071838D5A}.Debug|x64.Build.0 = Debug|Any CPU
		{42C2FD68-C0A5-44CF-BA48-8DE071838D5A}.Debug|x86.ActiveCfg = Debug|Any CPU
		{42C2FD68-C0A5-44CF-BA48-8DE071838D5A}.Debug|x86.Build.0 = Debug|Any CPU
		{42C2FD68-C0A5-44CF-BA48-8DE071838D5A}.Release|Any CPU.ActiveCfg = Release|Any CPU
		{42C2FD68-C0A5-44CF-BA48-8DE071838D5A}.Release|Any CPU.Build.0 = Release|Any CPU
		{42C2FD68-C0A5-44CF-BA48-8DE071838D5A}.Release|x64.ActiveCfg = Release|Any CPU
		{42C2FD68-C0A5-44CF-BA48-8DE071838D5A}.Release|x64.Build.0 = Release|Any CPU
		{42C2FD68-C0A5-44CF-BA48-8DE071838D5A}.Release|x86.ActiveCfg = Release|Any CPU
		{42C2FD68-C0A5-44CF-BA48-8DE071838D5A}.Release|x86.Build.0 = Release|Any CPU
		{7AF8692A-B52B-438C-A980-3B6BBCF15DA8}.Debug|Any CPU.ActiveCfg = Debug|Any CPU
		{7AF8692A-B52B-438C-A980-3B6BBCF15DA8}.Debug|Any CPU.Build.0 = Debug|Any CPU
		{7AF8692A-B52B-438C-A980-3B6BBCF15DA8}.Debug|x64.ActiveCfg = Debug|Any CPU
		{7AF8692A-B52B-438C-A980-3B6BBCF15DA8}.Debug|x64.Build.0 = Debug|Any CPU
		{7AF8692A-B52B-438C-A980-3B6BBCF15DA8}.Debug|x86.ActiveCfg = Debug|Any CPU
		{7AF8692A-B52B-438C-A980-3B6BBCF15DA8}.Debug|x86.Build.0 = Debug|Any CPU
		{7AF8692A-B52B-438C-A980-3B6BBCF15DA8}.Release|Any CPU.ActiveCfg = Release|Any CPU
		{7AF8692A-B52B-438C-A980-3B6BBCF15DA8}.Release|Any CPU.Build.0 = Release|Any CPU
		{7AF8692A-B52B-438C-A980-3B6BBCF15DA8}.Release|x64.ActiveCfg = Release|Any CPU
		{7AF8692A-B52B-438C-A980-3B6BBCF15DA8}.Release|x64.Build.0 = Release|Any CPU
		{7AF8692A-B52B-438C-A980-3B6BBCF15DA8}.Release|x86.ActiveCfg = Release|Any CPU
		{7AF8692A-B52B-438C-A980-3B6BBCF15DA8}.Release|x86.Build.0 = Release|Any CPU
		{755D64E6-4350-45DD-AB83-3C8B9C5F3243}.Debug|Any CPU.ActiveCfg = Debug|Any CPU
		{755D64E6-4350-45DD-AB83-3C8B9C5F3243}.Debug|Any CPU.Build.0 = Debug|Any CPU
		{755D64E6-4350-45DD-AB83-3C8B9C5F3243}.Debug|x64.ActiveCfg = Debug|Any CPU
		{755D64E6-4350-45DD-AB83-3C8B9C5F3243}.Debug|x64.Build.0 = Debug|Any CPU
		{755D64E6-4350-45DD-AB83-3C8B9C5F3243}.Debug|x86.ActiveCfg = Debug|Any CPU
		{755D64E6-4350-45DD-AB83-3C8B9C5F3243}.Debug|x86.Build.0 = Debug|Any CPU
		{755D64E6-4350-45DD-AB83-3C8B9C5F3243}.Release|Any CPU.ActiveCfg = Release|Any CPU
		{755D64E6-4350-45DD-AB83-3C8B9C5F3243}.Release|Any CPU.Build.0 = Release|Any CPU
		{755D64E6-4350-45DD-AB83-3C8B9C5F3243}.Release|x64.ActiveCfg = Release|Any CPU
		{755D64E6-4350-45DD-AB83-3C8B9C5F3243}.Release|x64.Build.0 = Release|Any CPU
		{755D64E6-4350-45DD-AB83-3C8B9C5F3243}.Release|x86.ActiveCfg = Release|Any CPU
		{755D64E6-4350-45DD-AB83-3C8B9C5F3243}.Release|x86.Build.0 = Release|Any CPU
		{48F23362-815E-4DCD-A243-0F129ABE9832}.Debug|Any CPU.ActiveCfg = Debug|Any CPU
		{48F23362-815E-4DCD-A243-0F129ABE9832}.Debug|Any CPU.Build.0 = Debug|Any CPU
		{48F23362-815E-4DCD-A243-0F129ABE9832}.Debug|x64.ActiveCfg = Debug|Any CPU
		{48F23362-815E-4DCD-A243-0F129ABE9832}.Debug|x64.Build.0 = Debug|Any CPU
		{48F23362-815E-4DCD-A243-0F129ABE9832}.Debug|x86.ActiveCfg = Debug|Any CPU
		{48F23362-815E-4DCD-A243-0F129ABE9832}.Debug|x86.Build.0 = Debug|Any CPU
		{48F23362-815E-4DCD-A243-0F129ABE9832}.Release|Any CPU.ActiveCfg = Release|Any CPU
		{48F23362-815E-4DCD-A243-0F129ABE9832}.Release|Any CPU.Build.0 = Release|Any CPU
		{48F23362-815E-4DCD-A243-0F129ABE9832}.Release|x64.ActiveCfg = Release|Any CPU
		{48F23362-815E-4DCD-A243-0F129ABE9832}.Release|x64.Build.0 = Release|Any CPU
		{48F23362-815E-4DCD-A243-0F129ABE9832}.Release|x86.ActiveCfg = Release|Any CPU
		{48F23362-815E-4DCD-A243-0F129ABE9832}.Release|x86.Build.0 = Release|Any CPU
	EndGlobalSection
	GlobalSection(SolutionProperties) = preSolution
		HideSolutionNode = FALSE
	EndGlobalSection
	GlobalSection(ExtensibilityGlobals) = postSolution
		SolutionGuid = {80EF3380-F3DA-4E7C-99D5-CBEDCFD4B0C7}
	EndGlobalSection
EndGlobal
