
Microsoft Visual Studio Solution File, Format Version 12.00
# Visual Studio 15
VisualStudioVersion = 15.0.27428.1
MinimumVisualStudioVersion = 10.0.40219.1
Project("{2150E333-8FDC-42A3-9474-1A3956D46DE8}") = "TexturedCube", "TexturedCube", "{7FD3C556-92BC-4048-9C71-824ABC7E3B7F}"
EndProject
Project("{9A19103F-16F7-4668-BE54-9A1E7A4F7556}") = "SampleBase", "SampleBase\SampleBase.csproj", "{6A6CA600-065B-4068-9230-CB6DA729E59F}"
EndProject
Project("{FAE04EC0-301F-11D3-BF4B-00C04F79EFBC}") = "SampleBase.Android", "SampleBase.Android\SampleBase.Android.csproj", "{4ACF152F-F65D-4C45-A7EB-B1EC1C5D95D9}"
EndProject
Project("{9A19103F-16F7-4668-BE54-9A1E7A4F7556}") = "TexturedCube", "TexturedCube\Application\TexturedCube.csproj", "{7F0EB4C6-F7F4-42D5-AB69-B6AAEDECA5EE}"
EndProject
Project("{FAE04EC0-301F-11D3-BF4B-00C04F79EFBC}") = "TexturedCube.Android", "TexturedCube\Android\TexturedCube.Android.csproj", "{4ADD2589-5227-46CD-8E5C-9C54FA7005C4}"
EndProject
Project("{FAE04EC0-301F-11D3-BF4B-00C04F79EFBC}") = "SampleBase.iOS", "SampleBase.iOS\SampleBase.iOS.csproj", "{F3F8BE66-ACF7-4D18-918C-A1D182E7C137}"
EndProject
Project("{2150E333-8FDC-42A3-9474-1A3956D46DE8}") = "ComputeParticles", "ComputeParticles", "{DB64642C-7388-4324-93EE-3C464E7D1187}"
EndProject
Project("{9A19103F-16F7-4668-BE54-9A1E7A4F7556}") = "ComputeParticles", "ComputeParticles\Application\ComputeParticles.csproj", "{BCF755E8-7C83-4948-A2CE-C72B1D76EDBB}"
EndProject
Project("{FAE04EC0-301F-11D3-BF4B-00C04F79EFBC}") = "ComputeParticles.Android", "ComputeParticles\Android\ComputeParticles.Android\ComputeParticles.Android.csproj", "{CD90558A-DF99-4471-8507-0D0BD0FD635A}"
EndProject
Project("{2150E333-8FDC-42A3-9474-1A3956D46DE8}") = "ComputeTexture", "ComputeTexture", "{848D28EE-4AB1-4738-9BFA-3EADE4BA0D21}"
EndProject
Project("{9A19103F-16F7-4668-BE54-9A1E7A4F7556}") = "ComputeTexture", "ComputeTexture\Application\ComputeTexture.csproj", "{39C2B719-2B9C-4B2C-BA4C-D4C30016E0BF}"
EndProject
Project("{FAE04EC0-301F-11D3-BF4B-00C04F79EFBC}") = "ComputeTexture.Android", "ComputeTexture\Android\ComputeTexture.Android\ComputeTexture.Android.csproj", "{875317C9-E772-4584-9FC1-83560180F927}"
EndProject
Project("{FAE04EC0-301F-11D3-BF4B-00C04F79EFBC}") = "TexturedCube.iOS", "TexturedCube\iOS\TexturedCube.iOS.csproj", "{250B0A9E-CBFA-4686-8DE6-1C3D1636744C}"
EndProject
Global
	GlobalSection(SolutionConfigurationPlatforms) = preSolution
		Debug|Any CPU = Debug|Any CPU
		Debug|iPhone = Debug|iPhone
		Debug|iPhoneSimulator = Debug|iPhoneSimulator
		Release|Any CPU = Release|Any CPU
		Release|iPhone = Release|iPhone
		Release|iPhoneSimulator = Release|iPhoneSimulator
	EndGlobalSection
	GlobalSection(ProjectConfigurationPlatforms) = postSolution
		{6A6CA600-065B-4068-9230-CB6DA729E59F}.Debug|Any CPU.ActiveCfg = Debug|Any CPU
		{6A6CA600-065B-4068-9230-CB6DA729E59F}.Debug|Any CPU.Build.0 = Debug|Any CPU
		{6A6CA600-065B-4068-9230-CB6DA729E59F}.Debug|iPhone.ActiveCfg = Debug|Any CPU
		{6A6CA600-065B-4068-9230-CB6DA729E59F}.Debug|iPhone.Build.0 = Debug|Any CPU
		{6A6CA600-065B-4068-9230-CB6DA729E59F}.Debug|iPhoneSimulator.ActiveCfg = Debug|Any CPU
		{6A6CA600-065B-4068-9230-CB6DA729E59F}.Debug|iPhoneSimulator.Build.0 = Debug|Any CPU
		{6A6CA600-065B-4068-9230-CB6DA729E59F}.Release|Any CPU.ActiveCfg = Release|Any CPU
		{6A6CA600-065B-4068-9230-CB6DA729E59F}.Release|Any CPU.Build.0 = Release|Any CPU
		{6A6CA600-065B-4068-9230-CB6DA729E59F}.Release|iPhone.ActiveCfg = Release|Any CPU
		{6A6CA600-065B-4068-9230-CB6DA729E59F}.Release|iPhone.Build.0 = Release|Any CPU
		{6A6CA600-065B-4068-9230-CB6DA729E59F}.Release|iPhoneSimulator.ActiveCfg = Release|Any CPU
		{6A6CA600-065B-4068-9230-CB6DA729E59F}.Release|iPhoneSimulator.Build.0 = Release|Any CPU
		{4ACF152F-F65D-4C45-A7EB-B1EC1C5D95D9}.Debug|Any CPU.ActiveCfg = Debug|Any CPU
		{4ACF152F-F65D-4C45-A7EB-B1EC1C5D95D9}.Debug|Any CPU.Build.0 = Debug|Any CPU
		{4ACF152F-F65D-4C45-A7EB-B1EC1C5D95D9}.Debug|iPhone.ActiveCfg = Debug|Any CPU
		{4ACF152F-F65D-4C45-A7EB-B1EC1C5D95D9}.Debug|iPhone.Build.0 = Debug|Any CPU
		{4ACF152F-F65D-4C45-A7EB-B1EC1C5D95D9}.Debug|iPhoneSimulator.ActiveCfg = Debug|Any CPU
		{4ACF152F-F65D-4C45-A7EB-B1EC1C5D95D9}.Debug|iPhoneSimulator.Build.0 = Debug|Any CPU
		{4ACF152F-F65D-4C45-A7EB-B1EC1C5D95D9}.Release|Any CPU.ActiveCfg = Release|Any CPU
		{4ACF152F-F65D-4C45-A7EB-B1EC1C5D95D9}.Release|Any CPU.Build.0 = Release|Any CPU
		{4ACF152F-F65D-4C45-A7EB-B1EC1C5D95D9}.Release|iPhone.ActiveCfg = Release|Any CPU
		{4ACF152F-F65D-4C45-A7EB-B1EC1C5D95D9}.Release|iPhone.Build.0 = Release|Any CPU
		{4ACF152F-F65D-4C45-A7EB-B1EC1C5D95D9}.Release|iPhoneSimulator.ActiveCfg = Release|Any CPU
		{4ACF152F-F65D-4C45-A7EB-B1EC1C5D95D9}.Release|iPhoneSimulator.Build.0 = Release|Any CPU
		{7F0EB4C6-F7F4-42D5-AB69-B6AAEDECA5EE}.Debug|Any CPU.ActiveCfg = Debug|Any CPU
		{7F0EB4C6-F7F4-42D5-AB69-B6AAEDECA5EE}.Debug|Any CPU.Build.0 = Debug|Any CPU
		{7F0EB4C6-F7F4-42D5-AB69-B6AAEDECA5EE}.Debug|iPhone.ActiveCfg = Debug|Any CPU
		{7F0EB4C6-F7F4-42D5-AB69-B6AAEDECA5EE}.Debug|iPhone.Build.0 = Debug|Any CPU
		{7F0EB4C6-F7F4-42D5-AB69-B6AAEDECA5EE}.Debug|iPhoneSimulator.ActiveCfg = Debug|Any CPU
		{7F0EB4C6-F7F4-42D5-AB69-B6AAEDECA5EE}.Debug|iPhoneSimulator.Build.0 = Debug|Any CPU
		{7F0EB4C6-F7F4-42D5-AB69-B6AAEDECA5EE}.Release|Any CPU.ActiveCfg = Release|Any CPU
		{7F0EB4C6-F7F4-42D5-AB69-B6AAEDECA5EE}.Release|Any CPU.Build.0 = Release|Any CPU
		{7F0EB4C6-F7F4-42D5-AB69-B6AAEDECA5EE}.Release|iPhone.ActiveCfg = Release|Any CPU
		{7F0EB4C6-F7F4-42D5-AB69-B6AAEDECA5EE}.Release|iPhone.Build.0 = Release|Any CPU
		{7F0EB4C6-F7F4-42D5-AB69-B6AAEDECA5EE}.Release|iPhoneSimulator.ActiveCfg = Release|Any CPU
		{7F0EB4C6-F7F4-42D5-AB69-B6AAEDECA5EE}.Release|iPhoneSimulator.Build.0 = Release|Any CPU
		{4ADD2589-5227-46CD-8E5C-9C54FA7005C4}.Debug|Any CPU.ActiveCfg = Debug|Any CPU
		{4ADD2589-5227-46CD-8E5C-9C54FA7005C4}.Debug|Any CPU.Build.0 = Debug|Any CPU
		{4ADD2589-5227-46CD-8E5C-9C54FA7005C4}.Debug|Any CPU.Deploy.0 = Debug|Any CPU
		{4ADD2589-5227-46CD-8E5C-9C54FA7005C4}.Debug|iPhone.ActiveCfg = Debug|Any CPU
		{4ADD2589-5227-46CD-8E5C-9C54FA7005C4}.Debug|iPhone.Build.0 = Debug|Any CPU
		{4ADD2589-5227-46CD-8E5C-9C54FA7005C4}.Debug|iPhone.Deploy.0 = Debug|Any CPU
		{4ADD2589-5227-46CD-8E5C-9C54FA7005C4}.Debug|iPhoneSimulator.ActiveCfg = Debug|Any CPU
		{4ADD2589-5227-46CD-8E5C-9C54FA7005C4}.Debug|iPhoneSimulator.Build.0 = Debug|Any CPU
		{4ADD2589-5227-46CD-8E5C-9C54FA7005C4}.Debug|iPhoneSimulator.Deploy.0 = Debug|Any CPU
		{4ADD2589-5227-46CD-8E5C-9C54FA7005C4}.Release|Any CPU.ActiveCfg = Release|Any CPU
		{4ADD2589-5227-46CD-8E5C-9C54FA7005C4}.Release|Any CPU.Build.0 = Release|Any CPU
		{4ADD2589-5227-46CD-8E5C-9C54FA7005C4}.Release|Any CPU.Deploy.0 = Release|Any CPU
		{4ADD2589-5227-46CD-8E5C-9C54FA7005C4}.Release|iPhone.ActiveCfg = Release|Any CPU
		{4ADD2589-5227-46CD-8E5C-9C54FA7005C4}.Release|iPhone.Build.0 = Release|Any CPU
		{4ADD2589-5227-46CD-8E5C-9C54FA7005C4}.Release|iPhone.Deploy.0 = Release|Any CPU
		{4ADD2589-5227-46CD-8E5C-9C54FA7005C4}.Release|iPhoneSimulator.ActiveCfg = Release|Any CPU
		{4ADD2589-5227-46CD-8E5C-9C54FA7005C4}.Release|iPhoneSimulator.Build.0 = Release|Any CPU
		{4ADD2589-5227-46CD-8E5C-9C54FA7005C4}.Release|iPhoneSimulator.Deploy.0 = Release|Any CPU
		{F3F8BE66-ACF7-4D18-918C-A1D182E7C137}.Debug|Any CPU.ActiveCfg = Debug|Any CPU
		{F3F8BE66-ACF7-4D18-918C-A1D182E7C137}.Debug|Any CPU.Build.0 = Debug|Any CPU
		{F3F8BE66-ACF7-4D18-918C-A1D182E7C137}.Debug|iPhone.ActiveCfg = Debug|Any CPU
		{F3F8BE66-ACF7-4D18-918C-A1D182E7C137}.Debug|iPhone.Build.0 = Debug|Any CPU
		{F3F8BE66-ACF7-4D18-918C-A1D182E7C137}.Debug|iPhoneSimulator.ActiveCfg = Debug|Any CPU
		{F3F8BE66-ACF7-4D18-918C-A1D182E7C137}.Debug|iPhoneSimulator.Build.0 = Debug|Any CPU
		{F3F8BE66-ACF7-4D18-918C-A1D182E7C137}.Release|Any CPU.ActiveCfg = Release|Any CPU
		{F3F8BE66-ACF7-4D18-918C-A1D182E7C137}.Release|Any CPU.Build.0 = Release|Any CPU
		{F3F8BE66-ACF7-4D18-918C-A1D182E7C137}.Release|iPhone.ActiveCfg = Release|Any CPU
		{F3F8BE66-ACF7-4D18-918C-A1D182E7C137}.Release|iPhone.Build.0 = Release|Any CPU
		{F3F8BE66-ACF7-4D18-918C-A1D182E7C137}.Release|iPhoneSimulator.ActiveCfg = Release|Any CPU
		{F3F8BE66-ACF7-4D18-918C-A1D182E7C137}.Release|iPhoneSimulator.Build.0 = Release|Any CPU
		{BCF755E8-7C83-4948-A2CE-C72B1D76EDBB}.Debug|Any CPU.ActiveCfg = Debug|Any CPU
		{BCF755E8-7C83-4948-A2CE-C72B1D76EDBB}.Debug|Any CPU.Build.0 = Debug|Any CPU
		{BCF755E8-7C83-4948-A2CE-C72B1D76EDBB}.Debug|iPhone.ActiveCfg = Debug|Any CPU
		{BCF755E8-7C83-4948-A2CE-C72B1D76EDBB}.Debug|iPhone.Build.0 = Debug|Any CPU
		{BCF755E8-7C83-4948-A2CE-C72B1D76EDBB}.Debug|iPhoneSimulator.ActiveCfg = Debug|Any CPU
		{BCF755E8-7C83-4948-A2CE-C72B1D76EDBB}.Debug|iPhoneSimulator.Build.0 = Debug|Any CPU
		{BCF755E8-7C83-4948-A2CE-C72B1D76EDBB}.Release|Any CPU.ActiveCfg = Release|Any CPU
		{BCF755E8-7C83-4948-A2CE-C72B1D76EDBB}.Release|Any CPU.Build.0 = Release|Any CPU
		{BCF755E8-7C83-4948-A2CE-C72B1D76EDBB}.Release|iPhone.ActiveCfg = Release|Any CPU
		{BCF755E8-7C83-4948-A2CE-C72B1D76EDBB}.Release|iPhone.Build.0 = Release|Any CPU
		{BCF755E8-7C83-4948-A2CE-C72B1D76EDBB}.Release|iPhoneSimulator.ActiveCfg = Release|Any CPU
		{BCF755E8-7C83-4948-A2CE-C72B1D76EDBB}.Release|iPhoneSimulator.Build.0 = Release|Any CPU
		{CD90558A-DF99-4471-8507-0D0BD0FD635A}.Debug|Any CPU.ActiveCfg = Debug|Any CPU
		{CD90558A-DF99-4471-8507-0D0BD0FD635A}.Debug|Any CPU.Build.0 = Debug|Any CPU
		{CD90558A-DF99-4471-8507-0D0BD0FD635A}.Debug|Any CPU.Deploy.0 = Debug|Any CPU
		{CD90558A-DF99-4471-8507-0D0BD0FD635A}.Debug|iPhone.ActiveCfg = Debug|Any CPU
		{CD90558A-DF99-4471-8507-0D0BD0FD635A}.Debug|iPhone.Build.0 = Debug|Any CPU
		{CD90558A-DF99-4471-8507-0D0BD0FD635A}.Debug|iPhone.Deploy.0 = Debug|Any CPU
		{CD90558A-DF99-4471-8507-0D0BD0FD635A}.Debug|iPhoneSimulator.ActiveCfg = Debug|Any CPU
		{CD90558A-DF99-4471-8507-0D0BD0FD635A}.Debug|iPhoneSimulator.Build.0 = Debug|Any CPU
		{CD90558A-DF99-4471-8507-0D0BD0FD635A}.Debug|iPhoneSimulator.Deploy.0 = Debug|Any CPU
		{CD90558A-DF99-4471-8507-0D0BD0FD635A}.Release|Any CPU.ActiveCfg = Release|Any CPU
		{CD90558A-DF99-4471-8507-0D0BD0FD635A}.Release|Any CPU.Build.0 = Release|Any CPU
		{CD90558A-DF99-4471-8507-0D0BD0FD635A}.Release|Any CPU.Deploy.0 = Release|Any CPU
		{CD90558A-DF99-4471-8507-0D0BD0FD635A}.Release|iPhone.ActiveCfg = Release|Any CPU
		{CD90558A-DF99-4471-8507-0D0BD0FD635A}.Release|iPhone.Build.0 = Release|Any CPU
		{CD90558A-DF99-4471-8507-0D0BD0FD635A}.Release|iPhone.Deploy.0 = Release|Any CPU
		{CD90558A-DF99-4471-8507-0D0BD0FD635A}.Release|iPhoneSimulator.ActiveCfg = Release|Any CPU
		{CD90558A-DF99-4471-8507-0D0BD0FD635A}.Release|iPhoneSimulator.Build.0 = Release|Any CPU
		{CD90558A-DF99-4471-8507-0D0BD0FD635A}.Release|iPhoneSimulator.Deploy.0 = Release|Any CPU
		{39C2B719-2B9C-4B2C-BA4C-D4C30016E0BF}.Debug|Any CPU.ActiveCfg = Debug|Any CPU
		{39C2B719-2B9C-4B2C-BA4C-D4C30016E0BF}.Debug|Any CPU.Build.0 = Debug|Any CPU
		{39C2B719-2B9C-4B2C-BA4C-D4C30016E0BF}.Debug|iPhone.ActiveCfg = Debug|Any CPU
		{39C2B719-2B9C-4B2C-BA4C-D4C30016E0BF}.Debug|iPhone.Build.0 = Debug|Any CPU
		{39C2B719-2B9C-4B2C-BA4C-D4C30016E0BF}.Debug|iPhoneSimulator.ActiveCfg = Debug|Any CPU
		{39C2B719-2B9C-4B2C-BA4C-D4C30016E0BF}.Debug|iPhoneSimulator.Build.0 = Debug|Any CPU
		{39C2B719-2B9C-4B2C-BA4C-D4C30016E0BF}.Release|Any CPU.ActiveCfg = Release|Any CPU
		{39C2B719-2B9C-4B2C-BA4C-D4C30016E0BF}.Release|Any CPU.Build.0 = Release|Any CPU
		{39C2B719-2B9C-4B2C-BA4C-D4C30016E0BF}.Release|iPhone.ActiveCfg = Release|Any CPU
		{39C2B719-2B9C-4B2C-BA4C-D4C30016E0BF}.Release|iPhone.Build.0 = Release|Any CPU
		{39C2B719-2B9C-4B2C-BA4C-D4C30016E0BF}.Release|iPhoneSimulator.ActiveCfg = Release|Any CPU
		{39C2B719-2B9C-4B2C-BA4C-D4C30016E0BF}.Release|iPhoneSimulator.Build.0 = Release|Any CPU
		{875317C9-E772-4584-9FC1-83560180F927}.Debug|Any CPU.ActiveCfg = Debug|Any CPU
		{875317C9-E772-4584-9FC1-83560180F927}.Debug|Any CPU.Build.0 = Debug|Any CPU
		{875317C9-E772-4584-9FC1-83560180F927}.Debug|Any CPU.Deploy.0 = Debug|Any CPU
		{875317C9-E772-4584-9FC1-83560180F927}.Debug|iPhone.ActiveCfg = Debug|Any CPU
		{875317C9-E772-4584-9FC1-83560180F927}.Debug|iPhone.Build.0 = Debug|Any CPU
		{875317C9-E772-4584-9FC1-83560180F927}.Debug|iPhone.Deploy.0 = Debug|Any CPU
		{875317C9-E772-4584-9FC1-83560180F927}.Debug|iPhoneSimulator.ActiveCfg = Debug|Any CPU
		{875317C9-E772-4584-9FC1-83560180F927}.Debug|iPhoneSimulator.Build.0 = Debug|Any CPU
		{875317C9-E772-4584-9FC1-83560180F927}.Debug|iPhoneSimulator.Deploy.0 = Debug|Any CPU
		{875317C9-E772-4584-9FC1-83560180F927}.Release|Any CPU.ActiveCfg = Release|Any CPU
		{875317C9-E772-4584-9FC1-83560180F927}.Release|Any CPU.Build.0 = Release|Any CPU
		{875317C9-E772-4584-9FC1-83560180F927}.Release|Any CPU.Deploy.0 = Release|Any CPU
		{875317C9-E772-4584-9FC1-83560180F927}.Release|iPhone.ActiveCfg = Release|Any CPU
		{875317C9-E772-4584-9FC1-83560180F927}.Release|iPhone.Build.0 = Release|Any CPU
		{875317C9-E772-4584-9FC1-83560180F927}.Release|iPhone.Deploy.0 = Release|Any CPU
		{875317C9-E772-4584-9FC1-83560180F927}.Release|iPhoneSimulator.ActiveCfg = Release|Any CPU
		{875317C9-E772-4584-9FC1-83560180F927}.Release|iPhoneSimulator.Build.0 = Release|Any CPU
		{875317C9-E772-4584-9FC1-83560180F927}.Release|iPhoneSimulator.Deploy.0 = Release|Any CPU
		{250B0A9E-CBFA-4686-8DE6-1C3D1636744C}.Debug|Any CPU.ActiveCfg = Debug|iPhone
		{250B0A9E-CBFA-4686-8DE6-1C3D1636744C}.Debug|iPhone.ActiveCfg = Debug|iPhone
		{250B0A9E-CBFA-4686-8DE6-1C3D1636744C}.Debug|iPhone.Build.0 = Debug|iPhone
		{250B0A9E-CBFA-4686-8DE6-1C3D1636744C}.Debug|iPhoneSimulator.ActiveCfg = Debug|iPhoneSimulator
		{250B0A9E-CBFA-4686-8DE6-1C3D1636744C}.Debug|iPhoneSimulator.Build.0 = Debug|iPhoneSimulator
		{250B0A9E-CBFA-4686-8DE6-1C3D1636744C}.Release|Any CPU.ActiveCfg = Release|iPhone
		{250B0A9E-CBFA-4686-8DE6-1C3D1636744C}.Release|iPhone.ActiveCfg = Release|iPhone
		{250B0A9E-CBFA-4686-8DE6-1C3D1636744C}.Release|iPhone.Build.0 = Release|iPhone
		{250B0A9E-CBFA-4686-8DE6-1C3D1636744C}.Release|iPhoneSimulator.ActiveCfg = Release|iPhoneSimulator
		{250B0A9E-CBFA-4686-8DE6-1C3D1636744C}.Release|iPhoneSimulator.Build.0 = Release|iPhoneSimulator
	EndGlobalSection
	GlobalSection(SolutionProperties) = preSolution
		HideSolutionNode = FALSE
	EndGlobalSection
	GlobalSection(NestedProjects) = preSolution
		{7F0EB4C6-F7F4-42D5-AB69-B6AAEDECA5EE} = {7FD3C556-92BC-4048-9C71-824ABC7E3B7F}
		{4ADD2589-5227-46CD-8E5C-9C54FA7005C4} = {7FD3C556-92BC-4048-9C71-824ABC7E3B7F}
		{BCF755E8-7C83-4948-A2CE-C72B1D76EDBB} = {DB64642C-7388-4324-93EE-3C464E7D1187}
		{CD90558A-DF99-4471-8507-0D0BD0FD635A} = {DB64642C-7388-4324-93EE-3C464E7D1187}
		{39C2B719-2B9C-4B2C-BA4C-D4C30016E0BF} = {848D28EE-4AB1-4738-9BFA-3EADE4BA0D21}
		{875317C9-E772-4584-9FC1-83560180F927} = {848D28EE-4AB1-4738-9BFA-3EADE4BA0D21}
		{250B0A9E-CBFA-4686-8DE6-1C3D1636744C} = {7FD3C556-92BC-4048-9C71-824ABC7E3B7F}
	EndGlobalSection
	GlobalSection(ExtensibilityGlobals) = postSolution
		SolutionGuid = {183F40B6-274D-474E-A885-53F5B82F5399}
	EndGlobalSection
EndGlobal
