Microsoft Visual Studio Solution File, Format Version 12.00
# Visual Studio 15
VisualStudioVersion = 15.0.27130.2010
MinimumVisualStudioVersion = 15.0.26124.0
Project("{FAE04EC0-301F-11D3-BF4B-00C04F79EFBC}") = "SampleBase", "SampleBase\SampleBase.csproj", "{7AF8692A-B52B-438C-A980-3B6BBCF15DA8}"
EndProject
Project("{2150E333-8FDC-42A3-9474-1A3956D46DE8}") = "TexturedCube", "TexturedCube", "{68EA2FDF-987D-43F3-89A9-A4946D4EF8ED}"
EndProject
Project("{FAE04EC0-301F-11D3-BF4B-00C04F79EFBC}") = "TexturedCube", "TexturedCube\Application\TexturedCube.csproj", "{EAFF7E6A-4805-456D-9E2B-6897296AA46C}"
EndProject
Project("{2150E333-8FDC-42A3-9474-1A3956D46DE8}") = "ComputeTexture", "ComputeTexture", "{18651987-1CD1-46EE-B3AE-81CD615C5333}"
EndProject
Project("{FAE04EC0-301F-11D3-BF4B-00C04F79EFBC}") = "ComputeTexture", "ComputeTexture\Application\ComputeTexture.csproj", "{7A4C3708-7BF9-4267-913B-28B5DA375BE8}"
EndProject
Project("{2150E333-8FDC-42A3-9474-1A3956D46DE8}") = "ComputeParticles", "ComputeParticles", "{A1711B90-E35F-4AA2-9324-AE6279EF183A}"
EndProject
Project("{FAE04EC0-301F-11D3-BF4B-00C04F79EFBC}") = "ComputeParticles", "ComputeParticles\Application\ComputeParticles.csproj", "{02BBEE84-0475-432A-B1DD-D4668E0E209D}"
EndProject
Project("{2150E333-8FDC-42A3-9474-1A3956D46DE8}") = "AnimatedMesh", "AnimatedMesh", "{B6130960-AB44-43CC-81EF-206B0F1980B8}"
EndProject
Project("{FAE04EC0-301F-11D3-BF4B-00C04F79EFBC}") = "AnimatedMesh", "AnimatedMesh\Application\AnimatedMesh.csproj", "{2FECAAC7-31BB-42C6-88D4-589699503229}"
EndProject
Project("{2150E333-8FDC-42A3-9474-1A3956D46DE8}") = "Instancing", "Instancing", "{B7490B50-1A5B-44BE-8906-8C9060DE92FF}"
EndProject
Project("{FAE04EC0-301F-11D3-BF4B-00C04F79EFBC}") = "Instancing", "Instancing\Application\Instancing.csproj", "{7AC3F3E3-96E2-4F84-B731-BD05EFAF0DA2}"
EndProject
Project("{2150E333-8FDC-42A3-9474-1A3956D46DE8}") = "Offscreen", "Offscreen", "{024F672A-F683-4267-8C59-4B5F247649A6}"
EndProject
Project("{FAE04EC0-301F-11D3-BF4B-00C04F79EFBC}") = "Offscreen", "Offscreen\Application\Offscreen.csproj", "{BA045E7C-1CA1-447E-AF76-00F649622E12}"
EndProject
Project("{FAE04EC0-301F-11D3-BF4B-00C04F79EFBC}") = "ComputeParticles.Android", "ComputeParticles\Android\ComputeParticles.Android.csproj", "{CD90558A-DF99-4471-8507-0D0BD0FD635A}"
EndProject
Project("{FAE04EC0-301F-11D3-BF4B-00C04F79EFBC}") = "SampleBase.Android", "SampleBase.Android\SampleBase.Android.csproj", "{4ACF152F-F65D-4C45-A7EB-B1EC1C5D95D9}"
EndProject
Project("{FAE04EC0-301F-11D3-BF4B-00C04F79EFBC}") = "ComputeTexture.Android", "ComputeTexture\Android\ComputeTexture.Android.csproj", "{875317C9-E772-4584-9FC1-83560180F927}"
EndProject
Project("{FAE04EC0-301F-11D3-BF4B-00C04F79EFBC}") = "TexturedCube.Android", "TexturedCube\Android\TexturedCube.Android.csproj", "{4ADD2589-5227-46CD-8E5C-9C54FA7005C4}"
EndProject
Project("{FAE04EC0-301F-11D3-BF4B-00C04F79EFBC}") = "TexturedCube.iOS", "TexturedCube\iOS\TexturedCube.iOS.csproj", "{59F506C0-8862-44BD-A1B7-C9941F1C2EC0}"
EndProject
Project("{FAE04EC0-301F-11D3-BF4B-00C04F79EFBC}") = "SampleBase.iOS", "SampleBase.iOS\SampleBase.iOS.csproj", "{F3F8BE66-ACF7-4D18-918C-A1D182E7C137}"
EndProject
Project("{FAE04EC0-301F-11D3-BF4B-00C04F79EFBC}") = "AssetPrimitives", "AssetPrimitives\AssetPrimitives.csproj", "{5743C179-E17E-4A35-8A09-98BE11CA3D9A}"
EndProject
Project("{FAE04EC0-301F-11D3-BF4B-00C04F79EFBC}") = "AssetProcessor", "AssetProcessor\AssetProcessor.csproj", "{3CC1A4D5-572F-495A-AC20-A0664A6A2CDF}"
EndProject
Project("{FAE04EC0-301F-11D3-BF4B-00C04F79EFBC}") = "Instancing.Android", "Instancing\Android\Instancing.Android.csproj", "{972A0A81-4E95-47DE-8B21-62FCBDA0DDB0}"
EndProject
Project("{FAE04EC0-301F-11D3-BF4B-00C04F79EFBC}") = "Instancing.iOS", "Instancing\iOS\Instancing.iOS.csproj", "{BFCA4E2A-918B-4FCA-AD3F-AE244C16442C}"
EndProject
Project("{FAE04EC0-301F-11D3-BF4B-00C04F79EFBC}") = "ComputeParticles.iOS", "ComputeParticles\iOS\ComputeParticles.iOS.csproj", "{525236FF-63C1-448F-A87D-6374E71B0502}"
EndProject
Project("{FAE04EC0-301F-11D3-BF4B-00C04F79EFBC}") = "ComputeTexture.iOS", "ComputeTexture\iOS\ComputeTexture.iOS.csproj", "{8463180A-F3BA-43B3-A953-7F6D63F78287}"
EndProject
Global
	GlobalSection(SolutionConfigurationPlatforms) = preSolution
		Debug|Any CPU = Debug|Any CPU
		Debug|iPhone = Debug|iPhone
		Debug|iPhoneSimulator = Debug|iPhoneSimulator
		Debug|x64 = Debug|x64
		Debug|x86 = Debug|x86
		Release|Any CPU = Release|Any CPU
		Release|iPhone = Release|iPhone
		Release|iPhoneSimulator = Release|iPhoneSimulator
		Release|x64 = Release|x64
		Release|x86 = Release|x86
	EndGlobalSection
	GlobalSection(ProjectConfigurationPlatforms) = postSolution
		{7AF8692A-B52B-438C-A980-3B6BBCF15DA8}.Debug|Any CPU.ActiveCfg = Debug|Any CPU
		{7AF8692A-B52B-438C-A980-3B6BBCF15DA8}.Debug|Any CPU.Build.0 = Debug|Any CPU
		{7AF8692A-B52B-438C-A980-3B6BBCF15DA8}.Debug|iPhone.ActiveCfg = Debug|Any CPU
		{7AF8692A-B52B-438C-A980-3B6BBCF15DA8}.Debug|iPhone.Build.0 = Debug|Any CPU
		{7AF8692A-B52B-438C-A980-3B6BBCF15DA8}.Debug|iPhoneSimulator.ActiveCfg = Debug|Any CPU
		{7AF8692A-B52B-438C-A980-3B6BBCF15DA8}.Debug|iPhoneSimulator.Build.0 = Debug|Any CPU
		{7AF8692A-B52B-438C-A980-3B6BBCF15DA8}.Debug|x64.ActiveCfg = Debug|Any CPU
		{7AF8692A-B52B-438C-A980-3B6BBCF15DA8}.Debug|x64.Build.0 = Debug|Any CPU
		{7AF8692A-B52B-438C-A980-3B6BBCF15DA8}.Debug|x86.ActiveCfg = Debug|Any CPU
		{7AF8692A-B52B-438C-A980-3B6BBCF15DA8}.Debug|x86.Build.0 = Debug|Any CPU
		{7AF8692A-B52B-438C-A980-3B6BBCF15DA8}.Release|Any CPU.ActiveCfg = Release|Any CPU
		{7AF8692A-B52B-438C-A980-3B6BBCF15DA8}.Release|Any CPU.Build.0 = Release|Any CPU
		{7AF8692A-B52B-438C-A980-3B6BBCF15DA8}.Release|iPhone.ActiveCfg = Release|Any CPU
		{7AF8692A-B52B-438C-A980-3B6BBCF15DA8}.Release|iPhone.Build.0 = Release|Any CPU
		{7AF8692A-B52B-438C-A980-3B6BBCF15DA8}.Release|iPhoneSimulator.ActiveCfg = Release|Any CPU
		{7AF8692A-B52B-438C-A980-3B6BBCF15DA8}.Release|iPhoneSimulator.Build.0 = Release|Any CPU
		{7AF8692A-B52B-438C-A980-3B6BBCF15DA8}.Release|x64.ActiveCfg = Release|Any CPU
		{7AF8692A-B52B-438C-A980-3B6BBCF15DA8}.Release|x64.Build.0 = Release|Any CPU
		{7AF8692A-B52B-438C-A980-3B6BBCF15DA8}.Release|x86.ActiveCfg = Release|Any CPU
		{7AF8692A-B52B-438C-A980-3B6BBCF15DA8}.Release|x86.Build.0 = Release|Any CPU
		{EAFF7E6A-4805-456D-9E2B-6897296AA46C}.Debug|Any CPU.ActiveCfg = Debug|Any CPU
		{EAFF7E6A-4805-456D-9E2B-6897296AA46C}.Debug|Any CPU.Build.0 = Debug|Any CPU
		{EAFF7E6A-4805-456D-9E2B-6897296AA46C}.Debug|iPhone.ActiveCfg = Debug|Any CPU
		{EAFF7E6A-4805-456D-9E2B-6897296AA46C}.Debug|iPhone.Build.0 = Debug|Any CPU
		{EAFF7E6A-4805-456D-9E2B-6897296AA46C}.Debug|iPhoneSimulator.ActiveCfg = Debug|Any CPU
		{EAFF7E6A-4805-456D-9E2B-6897296AA46C}.Debug|iPhoneSimulator.Build.0 = Debug|Any CPU
		{EAFF7E6A-4805-456D-9E2B-6897296AA46C}.Debug|x64.ActiveCfg = Debug|Any CPU
		{EAFF7E6A-4805-456D-9E2B-6897296AA46C}.Debug|x64.Build.0 = Debug|Any CPU
		{EAFF7E6A-4805-456D-9E2B-6897296AA46C}.Debug|x86.ActiveCfg = Debug|Any CPU
		{EAFF7E6A-4805-456D-9E2B-6897296AA46C}.Debug|x86.Build.0 = Debug|Any CPU
		{EAFF7E6A-4805-456D-9E2B-6897296AA46C}.Release|Any CPU.ActiveCfg = Release|Any CPU
		{EAFF7E6A-4805-456D-9E2B-6897296AA46C}.Release|Any CPU.Build.0 = Release|Any CPU
		{EAFF7E6A-4805-456D-9E2B-6897296AA46C}.Release|iPhone.ActiveCfg = Release|Any CPU
		{EAFF7E6A-4805-456D-9E2B-6897296AA46C}.Release|iPhone.Build.0 = Release|Any CPU
		{EAFF7E6A-4805-456D-9E2B-6897296AA46C}.Release|iPhoneSimulator.ActiveCfg = Release|Any CPU
		{EAFF7E6A-4805-456D-9E2B-6897296AA46C}.Release|iPhoneSimulator.Build.0 = Release|Any CPU
		{EAFF7E6A-4805-456D-9E2B-6897296AA46C}.Release|x64.ActiveCfg = Release|Any CPU
		{EAFF7E6A-4805-456D-9E2B-6897296AA46C}.Release|x64.Build.0 = Release|Any CPU
		{EAFF7E6A-4805-456D-9E2B-6897296AA46C}.Release|x86.ActiveCfg = Release|Any CPU
		{EAFF7E6A-4805-456D-9E2B-6897296AA46C}.Release|x86.Build.0 = Release|Any CPU
		{7A4C3708-7BF9-4267-913B-28B5DA375BE8}.Debug|Any CPU.ActiveCfg = Debug|Any CPU
		{7A4C3708-7BF9-4267-913B-28B5DA375BE8}.Debug|Any CPU.Build.0 = Debug|Any CPU
		{7A4C3708-7BF9-4267-913B-28B5DA375BE8}.Debug|iPhone.ActiveCfg = Debug|Any CPU
		{7A4C3708-7BF9-4267-913B-28B5DA375BE8}.Debug|iPhone.Build.0 = Debug|Any CPU
		{7A4C3708-7BF9-4267-913B-28B5DA375BE8}.Debug|iPhoneSimulator.ActiveCfg = Debug|Any CPU
		{7A4C3708-7BF9-4267-913B-28B5DA375BE8}.Debug|iPhoneSimulator.Build.0 = Debug|Any CPU
		{7A4C3708-7BF9-4267-913B-28B5DA375BE8}.Debug|x64.ActiveCfg = Debug|Any CPU
		{7A4C3708-7BF9-4267-913B-28B5DA375BE8}.Debug|x64.Build.0 = Debug|Any CPU
		{7A4C3708-7BF9-4267-913B-28B5DA375BE8}.Debug|x86.ActiveCfg = Debug|Any CPU
		{7A4C3708-7BF9-4267-913B-28B5DA375BE8}.Debug|x86.Build.0 = Debug|Any CPU
		{7A4C3708-7BF9-4267-913B-28B5DA375BE8}.Release|Any CPU.ActiveCfg = Release|Any CPU
		{7A4C3708-7BF9-4267-913B-28B5DA375BE8}.Release|Any CPU.Build.0 = Release|Any CPU
		{7A4C3708-7BF9-4267-913B-28B5DA375BE8}.Release|iPhone.ActiveCfg = Release|Any CPU
		{7A4C3708-7BF9-4267-913B-28B5DA375BE8}.Release|iPhone.Build.0 = Release|Any CPU
		{7A4C3708-7BF9-4267-913B-28B5DA375BE8}.Release|iPhoneSimulator.ActiveCfg = Release|Any CPU
		{7A4C3708-7BF9-4267-913B-28B5DA375BE8}.Release|iPhoneSimulator.Build.0 = Release|Any CPU
		{7A4C3708-7BF9-4267-913B-28B5DA375BE8}.Release|x64.ActiveCfg = Release|Any CPU
		{7A4C3708-7BF9-4267-913B-28B5DA375BE8}.Release|x64.Build.0 = Release|Any CPU
		{7A4C3708-7BF9-4267-913B-28B5DA375BE8}.Release|x86.ActiveCfg = Release|Any CPU
		{7A4C3708-7BF9-4267-913B-28B5DA375BE8}.Release|x86.Build.0 = Release|Any CPU
		{02BBEE84-0475-432A-B1DD-D4668E0E209D}.Debug|Any CPU.ActiveCfg = Debug|Any CPU
		{02BBEE84-0475-432A-B1DD-D4668E0E209D}.Debug|Any CPU.Build.0 = Debug|Any CPU
		{02BBEE84-0475-432A-B1DD-D4668E0E209D}.Debug|iPhone.ActiveCfg = Debug|Any CPU
		{02BBEE84-0475-432A-B1DD-D4668E0E209D}.Debug|iPhone.Build.0 = Debug|Any CPU
		{02BBEE84-0475-432A-B1DD-D4668E0E209D}.Debug|iPhoneSimulator.ActiveCfg = Debug|Any CPU
		{02BBEE84-0475-432A-B1DD-D4668E0E209D}.Debug|iPhoneSimulator.Build.0 = Debug|Any CPU
		{02BBEE84-0475-432A-B1DD-D4668E0E209D}.Debug|x64.ActiveCfg = Debug|Any CPU
		{02BBEE84-0475-432A-B1DD-D4668E0E209D}.Debug|x64.Build.0 = Debug|Any CPU
		{02BBEE84-0475-432A-B1DD-D4668E0E209D}.Debug|x86.ActiveCfg = Debug|Any CPU
		{02BBEE84-0475-432A-B1DD-D4668E0E209D}.Debug|x86.Build.0 = Debug|Any CPU
		{02BBEE84-0475-432A-B1DD-D4668E0E209D}.Release|Any CPU.ActiveCfg = Release|Any CPU
		{02BBEE84-0475-432A-B1DD-D4668E0E209D}.Release|Any CPU.Build.0 = Release|Any CPU
		{02BBEE84-0475-432A-B1DD-D4668E0E209D}.Release|iPhone.ActiveCfg = Release|Any CPU
		{02BBEE84-0475-432A-B1DD-D4668E0E209D}.Release|iPhone.Build.0 = Release|Any CPU
		{02BBEE84-0475-432A-B1DD-D4668E0E209D}.Release|iPhoneSimulator.ActiveCfg = Release|Any CPU
		{02BBEE84-0475-432A-B1DD-D4668E0E209D}.Release|iPhoneSimulator.Build.0 = Release|Any CPU
		{02BBEE84-0475-432A-B1DD-D4668E0E209D}.Release|x64.ActiveCfg = Release|Any CPU
		{02BBEE84-0475-432A-B1DD-D4668E0E209D}.Release|x64.Build.0 = Release|Any CPU
		{02BBEE84-0475-432A-B1DD-D4668E0E209D}.Release|x86.ActiveCfg = Release|Any CPU
		{02BBEE84-0475-432A-B1DD-D4668E0E209D}.Release|x86.Build.0 = Release|Any CPU
		{2FECAAC7-31BB-42C6-88D4-589699503229}.Debug|Any CPU.ActiveCfg = Debug|Any CPU
		{2FECAAC7-31BB-42C6-88D4-589699503229}.Debug|Any CPU.Build.0 = Debug|Any CPU
		{2FECAAC7-31BB-42C6-88D4-589699503229}.Debug|iPhone.ActiveCfg = Debug|Any CPU
		{2FECAAC7-31BB-42C6-88D4-589699503229}.Debug|iPhone.Build.0 = Debug|Any CPU
		{2FECAAC7-31BB-42C6-88D4-589699503229}.Debug|iPhoneSimulator.ActiveCfg = Debug|Any CPU
		{2FECAAC7-31BB-42C6-88D4-589699503229}.Debug|iPhoneSimulator.Build.0 = Debug|Any CPU
		{2FECAAC7-31BB-42C6-88D4-589699503229}.Debug|x64.ActiveCfg = Debug|Any CPU
		{2FECAAC7-31BB-42C6-88D4-589699503229}.Debug|x64.Build.0 = Debug|Any CPU
		{2FECAAC7-31BB-42C6-88D4-589699503229}.Debug|x86.ActiveCfg = Debug|Any CPU
		{2FECAAC7-31BB-42C6-88D4-589699503229}.Debug|x86.Build.0 = Debug|Any CPU
		{2FECAAC7-31BB-42C6-88D4-589699503229}.Release|Any CPU.ActiveCfg = Release|Any CPU
		{2FECAAC7-31BB-42C6-88D4-589699503229}.Release|Any CPU.Build.0 = Release|Any CPU
		{2FECAAC7-31BB-42C6-88D4-589699503229}.Release|iPhone.ActiveCfg = Release|Any CPU
		{2FECAAC7-31BB-42C6-88D4-589699503229}.Release|iPhone.Build.0 = Release|Any CPU
		{2FECAAC7-31BB-42C6-88D4-589699503229}.Release|iPhoneSimulator.ActiveCfg = Release|Any CPU
		{2FECAAC7-31BB-42C6-88D4-589699503229}.Release|iPhoneSimulator.Build.0 = Release|Any CPU
		{2FECAAC7-31BB-42C6-88D4-589699503229}.Release|x64.ActiveCfg = Release|Any CPU
		{2FECAAC7-31BB-42C6-88D4-589699503229}.Release|x64.Build.0 = Release|Any CPU
		{2FECAAC7-31BB-42C6-88D4-589699503229}.Release|x86.ActiveCfg = Release|Any CPU
		{2FECAAC7-31BB-42C6-88D4-589699503229}.Release|x86.Build.0 = Release|Any CPU
		{7AC3F3E3-96E2-4F84-B731-BD05EFAF0DA2}.Debug|Any CPU.ActiveCfg = Debug|Any CPU
		{7AC3F3E3-96E2-4F84-B731-BD05EFAF0DA2}.Debug|Any CPU.Build.0 = Debug|Any CPU
		{7AC3F3E3-96E2-4F84-B731-BD05EFAF0DA2}.Debug|iPhone.ActiveCfg = Debug|Any CPU
		{7AC3F3E3-96E2-4F84-B731-BD05EFAF0DA2}.Debug|iPhone.Build.0 = Debug|Any CPU
		{7AC3F3E3-96E2-4F84-B731-BD05EFAF0DA2}.Debug|iPhoneSimulator.ActiveCfg = Debug|Any CPU
		{7AC3F3E3-96E2-4F84-B731-BD05EFAF0DA2}.Debug|iPhoneSimulator.Build.0 = Debug|Any CPU
		{7AC3F3E3-96E2-4F84-B731-BD05EFAF0DA2}.Debug|x64.ActiveCfg = Debug|Any CPU
		{7AC3F3E3-96E2-4F84-B731-BD05EFAF0DA2}.Debug|x64.Build.0 = Debug|Any CPU
		{7AC3F3E3-96E2-4F84-B731-BD05EFAF0DA2}.Debug|x86.ActiveCfg = Debug|Any CPU
		{7AC3F3E3-96E2-4F84-B731-BD05EFAF0DA2}.Debug|x86.Build.0 = Debug|Any CPU
		{7AC3F3E3-96E2-4F84-B731-BD05EFAF0DA2}.Release|Any CPU.ActiveCfg = Release|Any CPU
		{7AC3F3E3-96E2-4F84-B731-BD05EFAF0DA2}.Release|Any CPU.Build.0 = Release|Any CPU
		{7AC3F3E3-96E2-4F84-B731-BD05EFAF0DA2}.Release|iPhone.ActiveCfg = Release|Any CPU
		{7AC3F3E3-96E2-4F84-B731-BD05EFAF0DA2}.Release|iPhone.Build.0 = Release|Any CPU
		{7AC3F3E3-96E2-4F84-B731-BD05EFAF0DA2}.Release|iPhoneSimulator.ActiveCfg = Release|Any CPU
		{7AC3F3E3-96E2-4F84-B731-BD05EFAF0DA2}.Release|iPhoneSimulator.Build.0 = Release|Any CPU
		{7AC3F3E3-96E2-4F84-B731-BD05EFAF0DA2}.Release|x64.ActiveCfg = Release|Any CPU
		{7AC3F3E3-96E2-4F84-B731-BD05EFAF0DA2}.Release|x64.Build.0 = Release|Any CPU
		{7AC3F3E3-96E2-4F84-B731-BD05EFAF0DA2}.Release|x86.ActiveCfg = Release|Any CPU
		{7AC3F3E3-96E2-4F84-B731-BD05EFAF0DA2}.Release|x86.Build.0 = Release|Any CPU
		{BA045E7C-1CA1-447E-AF76-00F649622E12}.Debug|Any CPU.ActiveCfg = Debug|Any CPU
		{BA045E7C-1CA1-447E-AF76-00F649622E12}.Debug|Any CPU.Build.0 = Debug|Any CPU
		{BA045E7C-1CA1-447E-AF76-00F649622E12}.Debug|iPhone.ActiveCfg = Debug|Any CPU
		{BA045E7C-1CA1-447E-AF76-00F649622E12}.Debug|iPhone.Build.0 = Debug|Any CPU
		{BA045E7C-1CA1-447E-AF76-00F649622E12}.Debug|iPhoneSimulator.ActiveCfg = Debug|Any CPU
		{BA045E7C-1CA1-447E-AF76-00F649622E12}.Debug|iPhoneSimulator.Build.0 = Debug|Any CPU
		{BA045E7C-1CA1-447E-AF76-00F649622E12}.Debug|x64.ActiveCfg = Debug|Any CPU
		{BA045E7C-1CA1-447E-AF76-00F649622E12}.Debug|x64.Build.0 = Debug|Any CPU
		{BA045E7C-1CA1-447E-AF76-00F649622E12}.Debug|x86.ActiveCfg = Debug|Any CPU
		{BA045E7C-1CA1-447E-AF76-00F649622E12}.Debug|x86.Build.0 = Debug|Any CPU
		{BA045E7C-1CA1-447E-AF76-00F649622E12}.Release|Any CPU.ActiveCfg = Release|Any CPU
		{BA045E7C-1CA1-447E-AF76-00F649622E12}.Release|Any CPU.Build.0 = Release|Any CPU
		{BA045E7C-1CA1-447E-AF76-00F649622E12}.Release|iPhone.ActiveCfg = Release|Any CPU
		{BA045E7C-1CA1-447E-AF76-00F649622E12}.Release|iPhone.Build.0 = Release|Any CPU
		{BA045E7C-1CA1-447E-AF76-00F649622E12}.Release|iPhoneSimulator.ActiveCfg = Release|Any CPU
		{BA045E7C-1CA1-447E-AF76-00F649622E12}.Release|iPhoneSimulator.Build.0 = Release|Any CPU
		{BA045E7C-1CA1-447E-AF76-00F649622E12}.Release|x64.ActiveCfg = Release|Any CPU
		{BA045E7C-1CA1-447E-AF76-00F649622E12}.Release|x64.Build.0 = Release|Any CPU
		{BA045E7C-1CA1-447E-AF76-00F649622E12}.Release|x86.ActiveCfg = Release|Any CPU
		{BA045E7C-1CA1-447E-AF76-00F649622E12}.Release|x86.Build.0 = Release|Any CPU
		{CD90558A-DF99-4471-8507-0D0BD0FD635A}.Debug|Any CPU.ActiveCfg = Debug|Any CPU
		{CD90558A-DF99-4471-8507-0D0BD0FD635A}.Debug|Any CPU.Build.0 = Debug|Any CPU
		{CD90558A-DF99-4471-8507-0D0BD0FD635A}.Debug|Any CPU.Deploy.0 = Debug|Any CPU
		{CD90558A-DF99-4471-8507-0D0BD0FD635A}.Debug|iPhone.ActiveCfg = Debug|Any CPU
		{CD90558A-DF99-4471-8507-0D0BD0FD635A}.Debug|iPhone.Build.0 = Debug|Any CPU
		{CD90558A-DF99-4471-8507-0D0BD0FD635A}.Debug|iPhone.Deploy.0 = Debug|Any CPU
		{CD90558A-DF99-4471-8507-0D0BD0FD635A}.Debug|iPhoneSimulator.ActiveCfg = Debug|Any CPU
		{CD90558A-DF99-4471-8507-0D0BD0FD635A}.Debug|iPhoneSimulator.Build.0 = Debug|Any CPU
		{CD90558A-DF99-4471-8507-0D0BD0FD635A}.Debug|iPhoneSimulator.Deploy.0 = Debug|Any CPU
		{CD90558A-DF99-4471-8507-0D0BD0FD635A}.Debug|x64.ActiveCfg = Debug|Any CPU
		{CD90558A-DF99-4471-8507-0D0BD0FD635A}.Debug|x64.Build.0 = Debug|Any CPU
		{CD90558A-DF99-4471-8507-0D0BD0FD635A}.Debug|x64.Deploy.0 = Debug|Any CPU
		{CD90558A-DF99-4471-8507-0D0BD0FD635A}.Debug|x86.ActiveCfg = Debug|Any CPU
		{CD90558A-DF99-4471-8507-0D0BD0FD635A}.Debug|x86.Build.0 = Debug|Any CPU
		{CD90558A-DF99-4471-8507-0D0BD0FD635A}.Debug|x86.Deploy.0 = Debug|Any CPU
		{CD90558A-DF99-4471-8507-0D0BD0FD635A}.Release|Any CPU.ActiveCfg = Release|Any CPU
		{CD90558A-DF99-4471-8507-0D0BD0FD635A}.Release|Any CPU.Build.0 = Release|Any CPU
		{CD90558A-DF99-4471-8507-0D0BD0FD635A}.Release|Any CPU.Deploy.0 = Release|Any CPU
		{CD90558A-DF99-4471-8507-0D0BD0FD635A}.Release|iPhone.ActiveCfg = Release|Any CPU
		{CD90558A-DF99-4471-8507-0D0BD0FD635A}.Release|iPhone.Build.0 = Release|Any CPU
		{CD90558A-DF99-4471-8507-0D0BD0FD635A}.Release|iPhone.Deploy.0 = Release|Any CPU
		{CD90558A-DF99-4471-8507-0D0BD0FD635A}.Release|iPhoneSimulator.ActiveCfg = Release|Any CPU
		{CD90558A-DF99-4471-8507-0D0BD0FD635A}.Release|iPhoneSimulator.Build.0 = Release|Any CPU
		{CD90558A-DF99-4471-8507-0D0BD0FD635A}.Release|iPhoneSimulator.Deploy.0 = Release|Any CPU
		{CD90558A-DF99-4471-8507-0D0BD0FD635A}.Release|x64.ActiveCfg = Release|Any CPU
		{CD90558A-DF99-4471-8507-0D0BD0FD635A}.Release|x64.Build.0 = Release|Any CPU
		{CD90558A-DF99-4471-8507-0D0BD0FD635A}.Release|x64.Deploy.0 = Release|Any CPU
		{CD90558A-DF99-4471-8507-0D0BD0FD635A}.Release|x86.ActiveCfg = Release|Any CPU
		{CD90558A-DF99-4471-8507-0D0BD0FD635A}.Release|x86.Build.0 = Release|Any CPU
		{CD90558A-DF99-4471-8507-0D0BD0FD635A}.Release|x86.Deploy.0 = Release|Any CPU
		{4ACF152F-F65D-4C45-A7EB-B1EC1C5D95D9}.Debug|Any CPU.ActiveCfg = Debug|Any CPU
		{4ACF152F-F65D-4C45-A7EB-B1EC1C5D95D9}.Debug|Any CPU.Build.0 = Debug|Any CPU
		{4ACF152F-F65D-4C45-A7EB-B1EC1C5D95D9}.Debug|iPhone.ActiveCfg = Debug|Any CPU
		{4ACF152F-F65D-4C45-A7EB-B1EC1C5D95D9}.Debug|iPhone.Build.0 = Debug|Any CPU
		{4ACF152F-F65D-4C45-A7EB-B1EC1C5D95D9}.Debug|iPhoneSimulator.ActiveCfg = Debug|Any CPU
		{4ACF152F-F65D-4C45-A7EB-B1EC1C5D95D9}.Debug|iPhoneSimulator.Build.0 = Debug|Any CPU
		{4ACF152F-F65D-4C45-A7EB-B1EC1C5D95D9}.Debug|x64.ActiveCfg = Debug|Any CPU
		{4ACF152F-F65D-4C45-A7EB-B1EC1C5D95D9}.Debug|x64.Build.0 = Debug|Any CPU
		{4ACF152F-F65D-4C45-A7EB-B1EC1C5D95D9}.Debug|x86.ActiveCfg = Debug|Any CPU
		{4ACF152F-F65D-4C45-A7EB-B1EC1C5D95D9}.Debug|x86.Build.0 = Debug|Any CPU
		{4ACF152F-F65D-4C45-A7EB-B1EC1C5D95D9}.Release|Any CPU.ActiveCfg = Release|Any CPU
		{4ACF152F-F65D-4C45-A7EB-B1EC1C5D95D9}.Release|Any CPU.Build.0 = Release|Any CPU
		{4ACF152F-F65D-4C45-A7EB-B1EC1C5D95D9}.Release|iPhone.ActiveCfg = Release|Any CPU
		{4ACF152F-F65D-4C45-A7EB-B1EC1C5D95D9}.Release|iPhone.Build.0 = Release|Any CPU
		{4ACF152F-F65D-4C45-A7EB-B1EC1C5D95D9}.Release|iPhoneSimulator.ActiveCfg = Release|Any CPU
		{4ACF152F-F65D-4C45-A7EB-B1EC1C5D95D9}.Release|iPhoneSimulator.Build.0 = Release|Any CPU
		{4ACF152F-F65D-4C45-A7EB-B1EC1C5D95D9}.Release|x64.ActiveCfg = Release|Any CPU
		{4ACF152F-F65D-4C45-A7EB-B1EC1C5D95D9}.Release|x64.Build.0 = Release|Any CPU
		{4ACF152F-F65D-4C45-A7EB-B1EC1C5D95D9}.Release|x86.ActiveCfg = Release|Any CPU
		{4ACF152F-F65D-4C45-A7EB-B1EC1C5D95D9}.Release|x86.Build.0 = Release|Any CPU
		{875317C9-E772-4584-9FC1-83560180F927}.Debug|Any CPU.ActiveCfg = Debug|Any CPU
		{875317C9-E772-4584-9FC1-83560180F927}.Debug|Any CPU.Build.0 = Debug|Any CPU
		{875317C9-E772-4584-9FC1-83560180F927}.Debug|Any CPU.Deploy.0 = Debug|Any CPU
		{875317C9-E772-4584-9FC1-83560180F927}.Debug|iPhone.ActiveCfg = Debug|Any CPU
		{875317C9-E772-4584-9FC1-83560180F927}.Debug|iPhone.Build.0 = Debug|Any CPU
		{875317C9-E772-4584-9FC1-83560180F927}.Debug|iPhone.Deploy.0 = Debug|Any CPU
		{875317C9-E772-4584-9FC1-83560180F927}.Debug|iPhoneSimulator.ActiveCfg = Debug|Any CPU
		{875317C9-E772-4584-9FC1-83560180F927}.Debug|iPhoneSimulator.Build.0 = Debug|Any CPU
		{875317C9-E772-4584-9FC1-83560180F927}.Debug|iPhoneSimulator.Deploy.0 = Debug|Any CPU
		{875317C9-E772-4584-9FC1-83560180F927}.Debug|x64.ActiveCfg = Debug|Any CPU
		{875317C9-E772-4584-9FC1-83560180F927}.Debug|x64.Build.0 = Debug|Any CPU
		{875317C9-E772-4584-9FC1-83560180F927}.Debug|x64.Deploy.0 = Debug|Any CPU
		{875317C9-E772-4584-9FC1-83560180F927}.Debug|x86.ActiveCfg = Debug|Any CPU
		{875317C9-E772-4584-9FC1-83560180F927}.Debug|x86.Build.0 = Debug|Any CPU
		{875317C9-E772-4584-9FC1-83560180F927}.Debug|x86.Deploy.0 = Debug|Any CPU
		{875317C9-E772-4584-9FC1-83560180F927}.Release|Any CPU.ActiveCfg = Release|Any CPU
		{875317C9-E772-4584-9FC1-83560180F927}.Release|Any CPU.Build.0 = Release|Any CPU
		{875317C9-E772-4584-9FC1-83560180F927}.Release|Any CPU.Deploy.0 = Release|Any CPU
		{875317C9-E772-4584-9FC1-83560180F927}.Release|iPhone.ActiveCfg = Release|Any CPU
		{875317C9-E772-4584-9FC1-83560180F927}.Release|iPhone.Build.0 = Release|Any CPU
		{875317C9-E772-4584-9FC1-83560180F927}.Release|iPhone.Deploy.0 = Release|Any CPU
		{875317C9-E772-4584-9FC1-83560180F927}.Release|iPhoneSimulator.ActiveCfg = Release|Any CPU
		{875317C9-E772-4584-9FC1-83560180F927}.Release|iPhoneSimulator.Build.0 = Release|Any CPU
		{875317C9-E772-4584-9FC1-83560180F927}.Release|iPhoneSimulator.Deploy.0 = Release|Any CPU
		{875317C9-E772-4584-9FC1-83560180F927}.Release|x64.ActiveCfg = Release|Any CPU
		{875317C9-E772-4584-9FC1-83560180F927}.Release|x64.Build.0 = Release|Any CPU
		{875317C9-E772-4584-9FC1-83560180F927}.Release|x64.Deploy.0 = Release|Any CPU
		{875317C9-E772-4584-9FC1-83560180F927}.Release|x86.ActiveCfg = Release|Any CPU
		{875317C9-E772-4584-9FC1-83560180F927}.Release|x86.Build.0 = Release|Any CPU
		{875317C9-E772-4584-9FC1-83560180F927}.Release|x86.Deploy.0 = Release|Any CPU
		{4ADD2589-5227-46CD-8E5C-9C54FA7005C4}.Debug|Any CPU.ActiveCfg = Debug|Any CPU
		{4ADD2589-5227-46CD-8E5C-9C54FA7005C4}.Debug|Any CPU.Build.0 = Debug|Any CPU
		{4ADD2589-5227-46CD-8E5C-9C54FA7005C4}.Debug|Any CPU.Deploy.0 = Debug|Any CPU
		{4ADD2589-5227-46CD-8E5C-9C54FA7005C4}.Debug|iPhone.ActiveCfg = Debug|Any CPU
		{4ADD2589-5227-46CD-8E5C-9C54FA7005C4}.Debug|iPhone.Build.0 = Debug|Any CPU
		{4ADD2589-5227-46CD-8E5C-9C54FA7005C4}.Debug|iPhone.Deploy.0 = Debug|Any CPU
		{4ADD2589-5227-46CD-8E5C-9C54FA7005C4}.Debug|iPhoneSimulator.ActiveCfg = Debug|Any CPU
		{4ADD2589-5227-46CD-8E5C-9C54FA7005C4}.Debug|iPhoneSimulator.Build.0 = Debug|Any CPU
		{4ADD2589-5227-46CD-8E5C-9C54FA7005C4}.Debug|iPhoneSimulator.Deploy.0 = Debug|Any CPU
		{4ADD2589-5227-46CD-8E5C-9C54FA7005C4}.Debug|x64.ActiveCfg = Debug|Any CPU
		{4ADD2589-5227-46CD-8E5C-9C54FA7005C4}.Debug|x64.Build.0 = Debug|Any CPU
		{4ADD2589-5227-46CD-8E5C-9C54FA7005C4}.Debug|x64.Deploy.0 = Debug|Any CPU
		{4ADD2589-5227-46CD-8E5C-9C54FA7005C4}.Debug|x86.ActiveCfg = Debug|Any CPU
		{4ADD2589-5227-46CD-8E5C-9C54FA7005C4}.Debug|x86.Build.0 = Debug|Any CPU
		{4ADD2589-5227-46CD-8E5C-9C54FA7005C4}.Debug|x86.Deploy.0 = Debug|Any CPU
		{4ADD2589-5227-46CD-8E5C-9C54FA7005C4}.Release|Any CPU.ActiveCfg = Release|Any CPU
		{4ADD2589-5227-46CD-8E5C-9C54FA7005C4}.Release|Any CPU.Build.0 = Release|Any CPU
		{4ADD2589-5227-46CD-8E5C-9C54FA7005C4}.Release|Any CPU.Deploy.0 = Release|Any CPU
		{4ADD2589-5227-46CD-8E5C-9C54FA7005C4}.Release|iPhone.ActiveCfg = Release|Any CPU
		{4ADD2589-5227-46CD-8E5C-9C54FA7005C4}.Release|iPhone.Build.0 = Release|Any CPU
		{4ADD2589-5227-46CD-8E5C-9C54FA7005C4}.Release|iPhone.Deploy.0 = Release|Any CPU
		{4ADD2589-5227-46CD-8E5C-9C54FA7005C4}.Release|iPhoneSimulator.ActiveCfg = Release|Any CPU
		{4ADD2589-5227-46CD-8E5C-9C54FA7005C4}.Release|iPhoneSimulator.Build.0 = Release|Any CPU
		{4ADD2589-5227-46CD-8E5C-9C54FA7005C4}.Release|iPhoneSimulator.Deploy.0 = Release|Any CPU
		{4ADD2589-5227-46CD-8E5C-9C54FA7005C4}.Release|x64.ActiveCfg = Release|Any CPU
		{4ADD2589-5227-46CD-8E5C-9C54FA7005C4}.Release|x64.Build.0 = Release|Any CPU
		{4ADD2589-5227-46CD-8E5C-9C54FA7005C4}.Release|x64.Deploy.0 = Release|Any CPU
		{4ADD2589-5227-46CD-8E5C-9C54FA7005C4}.Release|x86.ActiveCfg = Release|Any CPU
		{4ADD2589-5227-46CD-8E5C-9C54FA7005C4}.Release|x86.Build.0 = Release|Any CPU
		{4ADD2589-5227-46CD-8E5C-9C54FA7005C4}.Release|x86.Deploy.0 = Release|Any CPU
		{59F506C0-8862-44BD-A1B7-C9941F1C2EC0}.Debug|Any CPU.ActiveCfg = Debug|iPhone
		{59F506C0-8862-44BD-A1B7-C9941F1C2EC0}.Debug|iPhone.ActiveCfg = Debug|iPhone
		{59F506C0-8862-44BD-A1B7-C9941F1C2EC0}.Debug|iPhone.Build.0 = Debug|iPhone
		{59F506C0-8862-44BD-A1B7-C9941F1C2EC0}.Debug|iPhoneSimulator.ActiveCfg = Debug|iPhoneSimulator
		{59F506C0-8862-44BD-A1B7-C9941F1C2EC0}.Debug|iPhoneSimulator.Build.0 = Debug|iPhoneSimulator
		{59F506C0-8862-44BD-A1B7-C9941F1C2EC0}.Debug|x64.ActiveCfg = Debug|iPhone
		{59F506C0-8862-44BD-A1B7-C9941F1C2EC0}.Debug|x86.ActiveCfg = Debug|iPhone
		{59F506C0-8862-44BD-A1B7-C9941F1C2EC0}.Release|Any CPU.ActiveCfg = Release|iPhone
		{59F506C0-8862-44BD-A1B7-C9941F1C2EC0}.Release|iPhone.ActiveCfg = Release|iPhone
		{59F506C0-8862-44BD-A1B7-C9941F1C2EC0}.Release|iPhone.Build.0 = Release|iPhone
		{59F506C0-8862-44BD-A1B7-C9941F1C2EC0}.Release|iPhoneSimulator.ActiveCfg = Release|iPhoneSimulator
		{59F506C0-8862-44BD-A1B7-C9941F1C2EC0}.Release|iPhoneSimulator.Build.0 = Release|iPhoneSimulator
		{59F506C0-8862-44BD-A1B7-C9941F1C2EC0}.Release|x64.ActiveCfg = Release|iPhone
		{59F506C0-8862-44BD-A1B7-C9941F1C2EC0}.Release|x86.ActiveCfg = Release|iPhone
		{F3F8BE66-ACF7-4D18-918C-A1D182E7C137}.Debug|Any CPU.ActiveCfg = Debug|Any CPU
		{F3F8BE66-ACF7-4D18-918C-A1D182E7C137}.Debug|Any CPU.Build.0 = Debug|Any CPU
		{F3F8BE66-ACF7-4D18-918C-A1D182E7C137}.Debug|iPhone.ActiveCfg = Debug|Any CPU
		{F3F8BE66-ACF7-4D18-918C-A1D182E7C137}.Debug|iPhone.Build.0 = Debug|Any CPU
		{F3F8BE66-ACF7-4D18-918C-A1D182E7C137}.Debug|iPhoneSimulator.ActiveCfg = Debug|Any CPU
		{F3F8BE66-ACF7-4D18-918C-A1D182E7C137}.Debug|iPhoneSimulator.Build.0 = Debug|Any CPU
		{F3F8BE66-ACF7-4D18-918C-A1D182E7C137}.Debug|x64.ActiveCfg = Debug|Any CPU
		{F3F8BE66-ACF7-4D18-918C-A1D182E7C137}.Debug|x64.Build.0 = Debug|Any CPU
		{F3F8BE66-ACF7-4D18-918C-A1D182E7C137}.Debug|x86.ActiveCfg = Debug|Any CPU
		{F3F8BE66-ACF7-4D18-918C-A1D182E7C137}.Debug|x86.Build.0 = Debug|Any CPU
		{F3F8BE66-ACF7-4D18-918C-A1D182E7C137}.Release|Any CPU.ActiveCfg = Release|Any CPU
		{F3F8BE66-ACF7-4D18-918C-A1D182E7C137}.Release|Any CPU.Build.0 = Release|Any CPU
		{F3F8BE66-ACF7-4D18-918C-A1D182E7C137}.Release|iPhone.ActiveCfg = Release|Any CPU
		{F3F8BE66-ACF7-4D18-918C-A1D182E7C137}.Release|iPhone.Build.0 = Release|Any CPU
		{F3F8BE66-ACF7-4D18-918C-A1D182E7C137}.Release|iPhoneSimulator.ActiveCfg = Release|Any CPU
		{F3F8BE66-ACF7-4D18-918C-A1D182E7C137}.Release|iPhoneSimulator.Build.0 = Release|Any CPU
		{F3F8BE66-ACF7-4D18-918C-A1D182E7C137}.Release|x64.ActiveCfg = Release|Any CPU
		{F3F8BE66-ACF7-4D18-918C-A1D182E7C137}.Release|x64.Build.0 = Release|Any CPU
		{F3F8BE66-ACF7-4D18-918C-A1D182E7C137}.Release|x86.ActiveCfg = Release|Any CPU
		{F3F8BE66-ACF7-4D18-918C-A1D182E7C137}.Release|x86.Build.0 = Release|Any CPU
		{5743C179-E17E-4A35-8A09-98BE11CA3D9A}.Debug|Any CPU.ActiveCfg = Debug|Any CPU
		{5743C179-E17E-4A35-8A09-98BE11CA3D9A}.Debug|Any CPU.Build.0 = Debug|Any CPU
		{5743C179-E17E-4A35-8A09-98BE11CA3D9A}.Debug|iPhone.ActiveCfg = Debug|Any CPU
		{5743C179-E17E-4A35-8A09-98BE11CA3D9A}.Debug|iPhone.Build.0 = Debug|Any CPU
		{5743C179-E17E-4A35-8A09-98BE11CA3D9A}.Debug|iPhoneSimulator.ActiveCfg = Debug|Any CPU
		{5743C179-E17E-4A35-8A09-98BE11CA3D9A}.Debug|iPhoneSimulator.Build.0 = Debug|Any CPU
		{5743C179-E17E-4A35-8A09-98BE11CA3D9A}.Debug|x64.ActiveCfg = Debug|Any CPU
		{5743C179-E17E-4A35-8A09-98BE11CA3D9A}.Debug|x64.Build.0 = Debug|Any CPU
		{5743C179-E17E-4A35-8A09-98BE11CA3D9A}.Debug|x86.ActiveCfg = Debug|Any CPU
		{5743C179-E17E-4A35-8A09-98BE11CA3D9A}.Debug|x86.Build.0 = Debug|Any CPU
		{5743C179-E17E-4A35-8A09-98BE11CA3D9A}.Release|Any CPU.ActiveCfg = Release|Any CPU
		{5743C179-E17E-4A35-8A09-98BE11CA3D9A}.Release|Any CPU.Build.0 = Release|Any CPU
		{5743C179-E17E-4A35-8A09-98BE11CA3D9A}.Release|iPhone.ActiveCfg = Release|Any CPU
		{5743C179-E17E-4A35-8A09-98BE11CA3D9A}.Release|iPhone.Build.0 = Release|Any CPU
		{5743C179-E17E-4A35-8A09-98BE11CA3D9A}.Release|iPhoneSimulator.ActiveCfg = Release|Any CPU
		{5743C179-E17E-4A35-8A09-98BE11CA3D9A}.Release|iPhoneSimulator.Build.0 = Release|Any CPU
		{5743C179-E17E-4A35-8A09-98BE11CA3D9A}.Release|x64.ActiveCfg = Release|Any CPU
		{5743C179-E17E-4A35-8A09-98BE11CA3D9A}.Release|x64.Build.0 = Release|Any CPU
		{5743C179-E17E-4A35-8A09-98BE11CA3D9A}.Release|x86.ActiveCfg = Release|Any CPU
		{5743C179-E17E-4A35-8A09-98BE11CA3D9A}.Release|x86.Build.0 = Release|Any CPU
		{3CC1A4D5-572F-495A-AC20-A0664A6A2CDF}.Debug|Any CPU.ActiveCfg = Debug|Any CPU
		{3CC1A4D5-572F-495A-AC20-A0664A6A2CDF}.Debug|Any CPU.Build.0 = Debug|Any CPU
		{3CC1A4D5-572F-495A-AC20-A0664A6A2CDF}.Debug|iPhone.ActiveCfg = Debug|Any CPU
		{3CC1A4D5-572F-495A-AC20-A0664A6A2CDF}.Debug|iPhone.Build.0 = Debug|Any CPU
		{3CC1A4D5-572F-495A-AC20-A0664A6A2CDF}.Debug|iPhoneSimulator.ActiveCfg = Debug|Any CPU
		{3CC1A4D5-572F-495A-AC20-A0664A6A2CDF}.Debug|iPhoneSimulator.Build.0 = Debug|Any CPU
		{3CC1A4D5-572F-495A-AC20-A0664A6A2CDF}.Debug|x64.ActiveCfg = Debug|Any CPU
		{3CC1A4D5-572F-495A-AC20-A0664A6A2CDF}.Debug|x64.Build.0 = Debug|Any CPU
		{3CC1A4D5-572F-495A-AC20-A0664A6A2CDF}.Debug|x86.ActiveCfg = Debug|Any CPU
		{3CC1A4D5-572F-495A-AC20-A0664A6A2CDF}.Debug|x86.Build.0 = Debug|Any CPU
		{3CC1A4D5-572F-495A-AC20-A0664A6A2CDF}.Release|Any CPU.ActiveCfg = Release|Any CPU
		{3CC1A4D5-572F-495A-AC20-A0664A6A2CDF}.Release|Any CPU.Build.0 = Release|Any CPU
		{3CC1A4D5-572F-495A-AC20-A0664A6A2CDF}.Release|iPhone.ActiveCfg = Release|Any CPU
		{3CC1A4D5-572F-495A-AC20-A0664A6A2CDF}.Release|iPhone.Build.0 = Release|Any CPU
		{3CC1A4D5-572F-495A-AC20-A0664A6A2CDF}.Release|iPhoneSimulator.ActiveCfg = Release|Any CPU
		{3CC1A4D5-572F-495A-AC20-A0664A6A2CDF}.Release|iPhoneSimulator.Build.0 = Release|Any CPU
		{3CC1A4D5-572F-495A-AC20-A0664A6A2CDF}.Release|x64.ActiveCfg = Release|Any CPU
		{3CC1A4D5-572F-495A-AC20-A0664A6A2CDF}.Release|x64.Build.0 = Release|Any CPU
		{3CC1A4D5-572F-495A-AC20-A0664A6A2CDF}.Release|x86.ActiveCfg = Release|Any CPU
		{3CC1A4D5-572F-495A-AC20-A0664A6A2CDF}.Release|x86.Build.0 = Release|Any CPU
		{972A0A81-4E95-47DE-8B21-62FCBDA0DDB0}.Debug|Any CPU.ActiveCfg = Debug|Any CPU
		{972A0A81-4E95-47DE-8B21-62FCBDA0DDB0}.Debug|Any CPU.Build.0 = Debug|Any CPU
		{972A0A81-4E95-47DE-8B21-62FCBDA0DDB0}.Debug|Any CPU.Deploy.0 = Debug|Any CPU
		{972A0A81-4E95-47DE-8B21-62FCBDA0DDB0}.Debug|iPhone.ActiveCfg = Debug|Any CPU
		{972A0A81-4E95-47DE-8B21-62FCBDA0DDB0}.Debug|iPhone.Build.0 = Debug|Any CPU
		{972A0A81-4E95-47DE-8B21-62FCBDA0DDB0}.Debug|iPhone.Deploy.0 = Debug|Any CPU
		{972A0A81-4E95-47DE-8B21-62FCBDA0DDB0}.Debug|iPhoneSimulator.ActiveCfg = Debug|Any CPU
		{972A0A81-4E95-47DE-8B21-62FCBDA0DDB0}.Debug|iPhoneSimulator.Build.0 = Debug|Any CPU
		{972A0A81-4E95-47DE-8B21-62FCBDA0DDB0}.Debug|iPhoneSimulator.Deploy.0 = Debug|Any CPU
		{972A0A81-4E95-47DE-8B21-62FCBDA0DDB0}.Debug|x64.ActiveCfg = Debug|Any CPU
		{972A0A81-4E95-47DE-8B21-62FCBDA0DDB0}.Debug|x64.Build.0 = Debug|Any CPU
		{972A0A81-4E95-47DE-8B21-62FCBDA0DDB0}.Debug|x64.Deploy.0 = Debug|Any CPU
		{972A0A81-4E95-47DE-8B21-62FCBDA0DDB0}.Debug|x86.ActiveCfg = Debug|Any CPU
		{972A0A81-4E95-47DE-8B21-62FCBDA0DDB0}.Debug|x86.Build.0 = Debug|Any CPU
		{972A0A81-4E95-47DE-8B21-62FCBDA0DDB0}.Debug|x86.Deploy.0 = Debug|Any CPU
		{972A0A81-4E95-47DE-8B21-62FCBDA0DDB0}.Release|Any CPU.ActiveCfg = Release|Any CPU
		{972A0A81-4E95-47DE-8B21-62FCBDA0DDB0}.Release|Any CPU.Build.0 = Release|Any CPU
		{972A0A81-4E95-47DE-8B21-62FCBDA0DDB0}.Release|Any CPU.Deploy.0 = Release|Any CPU
		{972A0A81-4E95-47DE-8B21-62FCBDA0DDB0}.Release|iPhone.ActiveCfg = Release|Any CPU
		{972A0A81-4E95-47DE-8B21-62FCBDA0DDB0}.Release|iPhone.Build.0 = Release|Any CPU
		{972A0A81-4E95-47DE-8B21-62FCBDA0DDB0}.Release|iPhone.Deploy.0 = Release|Any CPU
		{972A0A81-4E95-47DE-8B21-62FCBDA0DDB0}.Release|iPhoneSimulator.ActiveCfg = Release|Any CPU
		{972A0A81-4E95-47DE-8B21-62FCBDA0DDB0}.Release|iPhoneSimulator.Build.0 = Release|Any CPU
		{972A0A81-4E95-47DE-8B21-62FCBDA0DDB0}.Release|iPhoneSimulator.Deploy.0 = Release|Any CPU
		{972A0A81-4E95-47DE-8B21-62FCBDA0DDB0}.Release|x64.ActiveCfg = Release|Any CPU
		{972A0A81-4E95-47DE-8B21-62FCBDA0DDB0}.Release|x64.Build.0 = Release|Any CPU
		{972A0A81-4E95-47DE-8B21-62FCBDA0DDB0}.Release|x64.Deploy.0 = Release|Any CPU
		{972A0A81-4E95-47DE-8B21-62FCBDA0DDB0}.Release|x86.ActiveCfg = Release|Any CPU
		{972A0A81-4E95-47DE-8B21-62FCBDA0DDB0}.Release|x86.Build.0 = Release|Any CPU
		{972A0A81-4E95-47DE-8B21-62FCBDA0DDB0}.Release|x86.Deploy.0 = Release|Any CPU
		{BFCA4E2A-918B-4FCA-AD3F-AE244C16442C}.Debug|Any CPU.ActiveCfg = Debug|iPhone
		{BFCA4E2A-918B-4FCA-AD3F-AE244C16442C}.Debug|Any CPU.Build.0 = Debug|iPhone
		{BFCA4E2A-918B-4FCA-AD3F-AE244C16442C}.Debug|iPhone.ActiveCfg = Debug|iPhone
		{BFCA4E2A-918B-4FCA-AD3F-AE244C16442C}.Debug|iPhone.Build.0 = Debug|iPhone
		{BFCA4E2A-918B-4FCA-AD3F-AE244C16442C}.Debug|iPhoneSimulator.ActiveCfg = Debug|iPhoneSimulator
		{BFCA4E2A-918B-4FCA-AD3F-AE244C16442C}.Debug|iPhoneSimulator.Build.0 = Debug|iPhoneSimulator
		{BFCA4E2A-918B-4FCA-AD3F-AE244C16442C}.Debug|x64.ActiveCfg = Debug|iPhone
		{BFCA4E2A-918B-4FCA-AD3F-AE244C16442C}.Debug|x64.Build.0 = Debug|iPhone
		{BFCA4E2A-918B-4FCA-AD3F-AE244C16442C}.Debug|x86.ActiveCfg = Debug|iPhone
		{BFCA4E2A-918B-4FCA-AD3F-AE244C16442C}.Debug|x86.Build.0 = Debug|iPhone
		{BFCA4E2A-918B-4FCA-AD3F-AE244C16442C}.Release|Any CPU.ActiveCfg = Release|iPhone
		{BFCA4E2A-918B-4FCA-AD3F-AE244C16442C}.Release|Any CPU.Build.0 = Release|iPhone
		{BFCA4E2A-918B-4FCA-AD3F-AE244C16442C}.Release|iPhone.ActiveCfg = Release|iPhone
		{BFCA4E2A-918B-4FCA-AD3F-AE244C16442C}.Release|iPhone.Build.0 = Release|iPhone
		{BFCA4E2A-918B-4FCA-AD3F-AE244C16442C}.Release|iPhoneSimulator.ActiveCfg = Release|iPhoneSimulator
		{BFCA4E2A-918B-4FCA-AD3F-AE244C16442C}.Release|iPhoneSimulator.Build.0 = Release|iPhoneSimulator
		{BFCA4E2A-918B-4FCA-AD3F-AE244C16442C}.Release|x64.ActiveCfg = Release|iPhone
		{BFCA4E2A-918B-4FCA-AD3F-AE244C16442C}.Release|x64.Build.0 = Release|iPhone
		{BFCA4E2A-918B-4FCA-AD3F-AE244C16442C}.Release|x86.ActiveCfg = Release|iPhone
		{BFCA4E2A-918B-4FCA-AD3F-AE244C16442C}.Release|x86.Build.0 = Release|iPhone
		{525236FF-63C1-448F-A87D-6374E71B0502}.Debug|Any CPU.ActiveCfg = Debug|iPhone
		{525236FF-63C1-448F-A87D-6374E71B0502}.Debug|Any CPU.Build.0 = Debug|iPhone
		{525236FF-63C1-448F-A87D-6374E71B0502}.Debug|iPhone.ActiveCfg = Debug|iPhone
		{525236FF-63C1-448F-A87D-6374E71B0502}.Debug|iPhone.Build.0 = Debug|iPhone
		{525236FF-63C1-448F-A87D-6374E71B0502}.Debug|iPhoneSimulator.ActiveCfg = Debug|iPhoneSimulator
		{525236FF-63C1-448F-A87D-6374E71B0502}.Debug|iPhoneSimulator.Build.0 = Debug|iPhoneSimulator
		{525236FF-63C1-448F-A87D-6374E71B0502}.Debug|x64.ActiveCfg = Debug|iPhone
		{525236FF-63C1-448F-A87D-6374E71B0502}.Debug|x64.Build.0 = Debug|iPhone
		{525236FF-63C1-448F-A87D-6374E71B0502}.Debug|x86.ActiveCfg = Debug|iPhone
		{525236FF-63C1-448F-A87D-6374E71B0502}.Debug|x86.Build.0 = Debug|iPhone
		{525236FF-63C1-448F-A87D-6374E71B0502}.Release|Any CPU.ActiveCfg = Release|iPhone
		{525236FF-63C1-448F-A87D-6374E71B0502}.Release|Any CPU.Build.0 = Release|iPhone
		{525236FF-63C1-448F-A87D-6374E71B0502}.Release|iPhone.ActiveCfg = Release|iPhone
		{525236FF-63C1-448F-A87D-6374E71B0502}.Release|iPhone.Build.0 = Release|iPhone
		{525236FF-63C1-448F-A87D-6374E71B0502}.Release|iPhoneSimulator.ActiveCfg = Release|iPhoneSimulator
		{525236FF-63C1-448F-A87D-6374E71B0502}.Release|iPhoneSimulator.Build.0 = Release|iPhoneSimulator
		{525236FF-63C1-448F-A87D-6374E71B0502}.Release|x64.ActiveCfg = Release|iPhone
		{525236FF-63C1-448F-A87D-6374E71B0502}.Release|x64.Build.0 = Release|iPhone
		{525236FF-63C1-448F-A87D-6374E71B0502}.Release|x86.ActiveCfg = Release|iPhone
		{525236FF-63C1-448F-A87D-6374E71B0502}.Release|x86.Build.0 = Release|iPhone
		{8463180A-F3BA-43B3-A953-7F6D63F78287}.Debug|Any CPU.ActiveCfg = Debug|iPhone
		{8463180A-F3BA-43B3-A953-7F6D63F78287}.Debug|Any CPU.Build.0 = Debug|iPhone
		{8463180A-F3BA-43B3-A953-7F6D63F78287}.Debug|iPhone.ActiveCfg = Debug|iPhone
		{8463180A-F3BA-43B3-A953-7F6D63F78287}.Debug|iPhone.Build.0 = Debug|iPhone
		{8463180A-F3BA-43B3-A953-7F6D63F78287}.Debug|iPhoneSimulator.ActiveCfg = Debug|iPhoneSimulator
		{8463180A-F3BA-43B3-A953-7F6D63F78287}.Debug|iPhoneSimulator.Build.0 = Debug|iPhoneSimulator
		{8463180A-F3BA-43B3-A953-7F6D63F78287}.Debug|x64.ActiveCfg = Debug|iPhone
		{8463180A-F3BA-43B3-A953-7F6D63F78287}.Debug|x64.Build.0 = Debug|iPhone
		{8463180A-F3BA-43B3-A953-7F6D63F78287}.Debug|x86.ActiveCfg = Debug|iPhone
		{8463180A-F3BA-43B3-A953-7F6D63F78287}.Debug|x86.Build.0 = Debug|iPhone
		{8463180A-F3BA-43B3-A953-7F6D63F78287}.Release|Any CPU.ActiveCfg = Release|iPhone
		{8463180A-F3BA-43B3-A953-7F6D63F78287}.Release|Any CPU.Build.0 = Release|iPhone
		{8463180A-F3BA-43B3-A953-7F6D63F78287}.Release|iPhone.ActiveCfg = Release|iPhone
		{8463180A-F3BA-43B3-A953-7F6D63F78287}.Release|iPhone.Build.0 = Release|iPhone
		{8463180A-F3BA-43B3-A953-7F6D63F78287}.Release|iPhoneSimulator.ActiveCfg = Release|iPhoneSimulator
		{8463180A-F3BA-43B3-A953-7F6D63F78287}.Release|iPhoneSimulator.Build.0 = Release|iPhoneSimulator
		{8463180A-F3BA-43B3-A953-7F6D63F78287}.Release|x64.ActiveCfg = Release|iPhone
		{8463180A-F3BA-43B3-A953-7F6D63F78287}.Release|x64.Build.0 = Release|iPhone
		{8463180A-F3BA-43B3-A953-7F6D63F78287}.Release|x86.ActiveCfg = Release|iPhone
		{8463180A-F3BA-43B3-A953-7F6D63F78287}.Release|x86.Build.0 = Release|iPhone
	EndGlobalSection
	GlobalSection(SolutionProperties) = preSolution
		HideSolutionNode = FALSE
	EndGlobalSection
	GlobalSection(NestedProjects) = preSolution
		{EAFF7E6A-4805-456D-9E2B-6897296AA46C} = {68EA2FDF-987D-43F3-89A9-A4946D4EF8ED}
		{7A4C3708-7BF9-4267-913B-28B5DA375BE8} = {18651987-1CD1-46EE-B3AE-81CD615C5333}
		{02BBEE84-0475-432A-B1DD-D4668E0E209D} = {A1711B90-E35F-4AA2-9324-AE6279EF183A}
		{2FECAAC7-31BB-42C6-88D4-589699503229} = {B6130960-AB44-43CC-81EF-206B0F1980B8}
		{7AC3F3E3-96E2-4F84-B731-BD05EFAF0DA2} = {B7490B50-1A5B-44BE-8906-8C9060DE92FF}
		{BA045E7C-1CA1-447E-AF76-00F649622E12} = {024F672A-F683-4267-8C59-4B5F247649A6}
		{CD90558A-DF99-4471-8507-0D0BD0FD635A} = {A1711B90-E35F-4AA2-9324-AE6279EF183A}
		{875317C9-E772-4584-9FC1-83560180F927} = {18651987-1CD1-46EE-B3AE-81CD615C5333}
		{4ADD2589-5227-46CD-8E5C-9C54FA7005C4} = {68EA2FDF-987D-43F3-89A9-A4946D4EF8ED}
		{59F506C0-8862-44BD-A1B7-C9941F1C2EC0} = {68EA2FDF-987D-43F3-89A9-A4946D4EF8ED}
		{972A0A81-4E95-47DE-8B21-62FCBDA0DDB0} = {B7490B50-1A5B-44BE-8906-8C9060DE92FF}
		{BFCA4E2A-918B-4FCA-AD3F-AE244C16442C} = {B7490B50-1A5B-44BE-8906-8C9060DE92FF}
		{525236FF-63C1-448F-A87D-6374E71B0502} = {A1711B90-E35F-4AA2-9324-AE6279EF183A}
		{8463180A-F3BA-43B3-A953-7F6D63F78287} = {18651987-1CD1-46EE-B3AE-81CD615C5333}
	EndGlobalSection
	GlobalSection(ExtensibilityGlobals) = postSolution
		SolutionGuid = {80EF3380-F3DA-4E7C-99D5-CBEDCFD4B0C7}
	EndGlobalSection
EndGlobal
